
Microsoft Visual Studio Solution File, Format Version 12.00
# Visual Studio 15
VisualStudioVersion = 15.0.28010.2003
MinimumVisualStudioVersion = 10.0.40219.1
Project("{FAE04EC0-301F-11D3-BF4B-00C04F79EFBC}") = "ClassLibrary4", "ClassLibrary4\ClassLibrary4.csproj", "{C59F22F3-836A-4E19-A809-5306458635DA}"
EndProject
Global
	GlobalSection(SolutionConfigurationPlatforms) = preSolution
		Debug|Any CPU = Debug|Any CPU
		Release|Any CPU = Release|Any CPU
	EndGlobalSection
	GlobalSection(ProjectConfigurationPlatforms) = postSolution
		{C59F22F3-836A-4E19-A809-5306458635DA}.Debug|Any CPU.ActiveCfg = Debug|Any CPU
		{C59F22F3-836A-4E19-A809-5306458635DA}.Debug|Any CPU.Build.0 = Debug|Any CPU
		{C59F22F3-836A-4E19-A809-5306458635DA}.Release|Any CPU.ActiveCfg = Release|Any CPU
		{C59F22F3-836A-4E19-A809-5306458635DA}.Release|Any CPU.Build.0 = Release|Any CPU
	EndGlobalSection
	GlobalSection(SolutionProperties) = preSolution
		HideSolutionNode = FALSE
	EndGlobalSection
	GlobalSection(ExtensibilityGlobals) = postSolution
		SolutionGuid = {8CFB9A72-5E23-4267-98C6-5A12B3863990}
	EndGlobalSection
EndGlobal
