
Microsoft Visual Studio Solution File, Format Version 12.00
# Visual Studio 15
VisualStudioVersion = 15.0.28307.421
MinimumVisualStudioVersion = 10.0.40219.1
Project("{FAE04EC0-301F-11D3-BF4B-00C04F79EFBC}") = "MyDB.Android", "MyDB\MyDB.Android\MyDB.Android.csproj", "{B8A2740D-29C2-46CC-8E90-692F4891A438}"
EndProject
Project("{FAE04EC0-301F-11D3-BF4B-00C04F79EFBC}") = "MyDB.iOS", "MyDB\MyDB.iOS\MyDB.iOS.csproj", "{EEFC0093-E6D7-44FD-A703-69E0DCB8BEAC}"
EndProject
Project("{FAE04EC0-301F-11D3-BF4B-00C04F79EFBC}") = "MyDB", "MyDB\MyDB\MyDB.csproj", "{E4FF03DE-A4AB-4F7A-BB7F-3933BB34F7B6}"
EndProject
Global
	GlobalSection(SolutionConfigurationPlatforms) = preSolution
		Ad-Hoc|Any CPU = Ad-Hoc|Any CPU
		Ad-Hoc|iPhone = Ad-Hoc|iPhone
		Ad-Hoc|iPhoneSimulator = Ad-Hoc|iPhoneSimulator
		AppStore|Any CPU = AppStore|Any CPU
		AppStore|iPhone = AppStore|iPhone
		AppStore|iPhoneSimulator = AppStore|iPhoneSimulator
		Debug|Any CPU = Debug|Any CPU
		Debug|iPhone = Debug|iPhone
		Debug|iPhoneSimulator = Debug|iPhoneSimulator
		Release|Any CPU = Release|Any CPU
		Release|iPhone = Release|iPhone
		Release|iPhoneSimulator = Release|iPhoneSimulator
	EndGlobalSection
	GlobalSection(ProjectConfigurationPlatforms) = postSolution
		{B8A2740D-29C2-46CC-8E90-692F4891A438}.Ad-Hoc|Any CPU.ActiveCfg = Release|Any CPU
		{B8A2740D-29C2-46CC-8E90-692F4891A438}.Ad-Hoc|Any CPU.Build.0 = Release|Any CPU
		{B8A2740D-29C2-46CC-8E90-692F4891A438}.Ad-Hoc|Any CPU.Deploy.0 = Release|Any CPU
		{B8A2740D-29C2-46CC-8E90-692F4891A438}.Ad-Hoc|iPhone.ActiveCfg = Release|Any CPU
		{B8A2740D-29C2-46CC-8E90-692F4891A438}.Ad-Hoc|iPhone.Build.0 = Release|Any CPU
		{B8A2740D-29C2-46CC-8E90-692F4891A438}.Ad-Hoc|iPhone.Deploy.0 = Release|Any CPU
		{B8A2740D-29C2-46CC-8E90-692F4891A438}.Ad-Hoc|iPhoneSimulator.ActiveCfg = Release|Any CPU
		{B8A2740D-29C2-46CC-8E90-692F4891A438}.Ad-Hoc|iPhoneSimulator.Build.0 = Release|Any CPU
		{B8A2740D-29C2-46CC-8E90-692F4891A438}.Ad-Hoc|iPhoneSimulator.Deploy.0 = Release|Any CPU
		{B8A2740D-29C2-46CC-8E90-692F4891A438}.AppStore|Any CPU.ActiveCfg = Release|Any CPU
		{B8A2740D-29C2-46CC-8E90-692F4891A438}.AppStore|Any CPU.Build.0 = Release|Any CPU
		{B8A2740D-29C2-46CC-8E90-692F4891A438}.AppStore|Any CPU.Deploy.0 = Release|Any CPU
		{B8A2740D-29C2-46CC-8E90-692F4891A438}.AppStore|iPhone.ActiveCfg = Release|Any CPU
		{B8A2740D-29C2-46CC-8E90-692F4891A438}.AppStore|iPhone.Build.0 = Release|Any CPU
		{B8A2740D-29C2-46CC-8E90-692F4891A438}.AppStore|iPhone.Deploy.0 = Release|Any CPU
		{B8A2740D-29C2-46CC-8E90-692F4891A438}.AppStore|iPhoneSimulator.ActiveCfg = Release|Any CPU
		{B8A2740D-29C2-46CC-8E90-692F4891A438}.AppStore|iPhoneSimulator.Build.0 = Release|Any CPU
		{B8A2740D-29C2-46CC-8E90-692F4891A438}.AppStore|iPhoneSimulator.Deploy.0 = Release|Any CPU
		{B8A2740D-29C2-46CC-8E90-692F4891A438}.Debug|Any CPU.ActiveCfg = Debug|Any CPU
		{B8A2740D-29C2-46CC-8E90-692F4891A438}.Debug|Any CPU.Build.0 = Debug|Any CPU
		{B8A2740D-29C2-46CC-8E90-692F4891A438}.Debug|Any CPU.Deploy.0 = Debug|Any CPU
		{B8A2740D-29C2-46CC-8E90-692F4891A438}.Debug|iPhone.ActiveCfg = Debug|Any CPU
		{B8A2740D-29C2-46CC-8E90-692F4891A438}.Debug|iPhone.Build.0 = Debug|Any CPU
		{B8A2740D-29C2-46CC-8E90-692F4891A438}.Debug|iPhone.Deploy.0 = Debug|Any CPU
		{B8A2740D-29C2-46CC-8E90-692F4891A438}.Debug|iPhoneSimulator.ActiveCfg = Debug|Any CPU
		{B8A2740D-29C2-46CC-8E90-692F4891A438}.Debug|iPhoneSimulator.Build.0 = Debug|Any CPU
		{B8A2740D-29C2-46CC-8E90-692F4891A438}.Debug|iPhoneSimulator.Deploy.0 = Debug|Any CPU
		{B8A2740D-29C2-46CC-8E90-692F4891A438}.Release|Any CPU.ActiveCfg = Release|Any CPU
		{B8A2740D-29C2-46CC-8E90-692F4891A438}.Release|Any CPU.Build.0 = Release|Any CPU
		{B8A2740D-29C2-46CC-8E90-692F4891A438}.Release|Any CPU.Deploy.0 = Release|Any CPU
		{B8A2740D-29C2-46CC-8E90-692F4891A438}.Release|iPhone.ActiveCfg = Release|Any CPU
		{B8A2740D-29C2-46CC-8E90-692F4891A438}.Release|iPhone.Build.0 = Release|Any CPU
		{B8A2740D-29C2-46CC-8E90-692F4891A438}.Release|iPhone.Deploy.0 = Release|Any CPU
		{B8A2740D-29C2-46CC-8E90-692F4891A438}.Release|iPhoneSimulator.ActiveCfg = Release|Any CPU
		{B8A2740D-29C2-46CC-8E90-692F4891A438}.Release|iPhoneSimulator.Build.0 = Release|Any CPU
		{B8A2740D-29C2-46CC-8E90-692F4891A438}.Release|iPhoneSimulator.Deploy.0 = Release|Any CPU
		{EEFC0093-E6D7-44FD-A703-69E0DCB8BEAC}.Ad-Hoc|Any CPU.ActiveCfg = Ad-Hoc|iPhone
		{EEFC0093-E6D7-44FD-A703-69E0DCB8BEAC}.Ad-Hoc|Any CPU.Build.0 = Ad-Hoc|iPhone
		{EEFC0093-E6D7-44FD-A703-69E0DCB8BEAC}.Ad-Hoc|Any CPU.Deploy.0 = Ad-Hoc|iPhone
		{EEFC0093-E6D7-44FD-A703-69E0DCB8BEAC}.Ad-Hoc|iPhone.ActiveCfg = Ad-Hoc|iPhone
		{EEFC0093-E6D7-44FD-A703-69E0DCB8BEAC}.Ad-Hoc|iPhone.Build.0 = Ad-Hoc|iPhone
		{EEFC0093-E6D7-44FD-A703-69E0DCB8BEAC}.Ad-Hoc|iPhone.Deploy.0 = Ad-Hoc|iPhone
		{EEFC0093-E6D7-44FD-A703-69E0DCB8BEAC}.Ad-Hoc|iPhoneSimulator.ActiveCfg = Ad-Hoc|iPhoneSimulator
		{EEFC0093-E6D7-44FD-A703-69E0DCB8BEAC}.Ad-Hoc|iPhoneSimulator.Build.0 = Ad-Hoc|iPhoneSimulator
		{EEFC0093-E6D7-44FD-A703-69E0DCB8BEAC}.Ad-Hoc|iPhoneSimulator.Deploy.0 = Ad-Hoc|iPhoneSimulator
		{EEFC0093-E6D7-44FD-A703-69E0DCB8BEAC}.AppStore|Any CPU.ActiveCfg = AppStore|iPhone
		{EEFC0093-E6D7-44FD-A703-69E0DCB8BEAC}.AppStore|Any CPU.Build.0 = AppStore|iPhone
		{EEFC0093-E6D7-44FD-A703-69E0DCB8BEAC}.AppStore|Any CPU.Deploy.0 = AppStore|iPhone
		{EEFC0093-E6D7-44FD-A703-69E0DCB8BEAC}.AppStore|iPhone.ActiveCfg = AppStore|iPhone
		{EEFC0093-E6D7-44FD-A703-69E0DCB8BEAC}.AppStore|iPhone.Build.0 = AppStore|iPhone
		{EEFC0093-E6D7-44FD-A703-69E0DCB8BEAC}.AppStore|iPhone.Deploy.0 = AppStore|iPhone
		{EEFC0093-E6D7-44FD-A703-69E0DCB8BEAC}.AppStore|iPhoneSimulator.ActiveCfg = AppStore|iPhoneSimulator
		{EEFC0093-E6D7-44FD-A703-69E0DCB8BEAC}.AppStore|iPhoneSimulator.Build.0 = AppStore|iPhoneSimulator
		{EEFC0093-E6D7-44FD-A703-69E0DCB8BEAC}.AppStore|iPhoneSimulator.Deploy.0 = AppStore|iPhoneSimulator
		{EEFC0093-E6D7-44FD-A703-69E0DCB8BEAC}.Debug|Any CPU.ActiveCfg = Debug|iPhoneSimulator
		{EEFC0093-E6D7-44FD-A703-69E0DCB8BEAC}.Debug|Any CPU.Build.0 = Debug|iPhoneSimulator
		{EEFC0093-E6D7-44FD-A703-69E0DCB8BEAC}.Debug|Any CPU.Deploy.0 = Debug|iPhoneSimulator
		{EEFC0093-E6D7-44FD-A703-69E0DCB8BEAC}.Debug|iPhone.ActiveCfg = Debug|iPhone
		{EEFC0093-E6D7-44FD-A703-69E0DCB8BEAC}.Debug|iPhone.Build.0 = Debug|iPhone
		{EEFC0093-E6D7-44FD-A703-69E0DCB8BEAC}.Debug|iPhone.Deploy.0 = Debug|iPhone
		{EEFC0093-E6D7-44FD-A703-69E0DCB8BEAC}.Debug|iPhoneSimulator.ActiveCfg = Debug|iPhoneSimulator
		{EEFC0093-E6D7-44FD-A703-69E0DCB8BEAC}.Debug|iPhoneSimulator.Build.0 = Debug|iPhoneSimulator
		{EEFC0093-E6D7-44FD-A703-69E0DCB8BEAC}.Debug|iPhoneSimulator.Deploy.0 = Debug|iPhoneSimulator
		{EEFC0093-E6D7-44FD-A703-69E0DCB8BEAC}.Release|Any CPU.ActiveCfg = Release|iPhone
		{EEFC0093-E6D7-44FD-A703-69E0DCB8BEAC}.Release|Any CPU.Build.0 = Release|iPhone
		{EEFC0093-E6D7-44FD-A703-69E0DCB8BEAC}.Release|Any CPU.Deploy.0 = Release|iPhone
		{EEFC0093-E6D7-44FD-A703-69E0DCB8BEAC}.Release|iPhone.ActiveCfg = Release|iPhone
		{EEFC0093-E6D7-44FD-A703-69E0DCB8BEAC}.Release|iPhone.Build.0 = Release|iPhone
		{EEFC0093-E6D7-44FD-A703-69E0DCB8BEAC}.Release|iPhone.Deploy.0 = Release|iPhone
		{EEFC0093-E6D7-44FD-A703-69E0DCB8BEAC}.Release|iPhoneSimulator.ActiveCfg = Release|iPhoneSimulator
		{EEFC0093-E6D7-44FD-A703-69E0DCB8BEAC}.Release|iPhoneSimulator.Build.0 = Release|iPhoneSimulator
		{EEFC0093-E6D7-44FD-A703-69E0DCB8BEAC}.Release|iPhoneSimulator.Deploy.0 = Release|iPhoneSimulator
		{E4FF03DE-A4AB-4F7A-BB7F-3933BB34F7B6}.Ad-Hoc|Any CPU.ActiveCfg = Debug|Any CPU
		{E4FF03DE-A4AB-4F7A-BB7F-3933BB34F7B6}.Ad-Hoc|Any CPU.Build.0 = Debug|Any CPU
		{E4FF03DE-A4AB-4F7A-BB7F-3933BB34F7B6}.Ad-Hoc|Any CPU.Deploy.0 = Debug|Any CPU
		{E4FF03DE-A4AB-4F7A-BB7F-3933BB34F7B6}.Ad-Hoc|iPhone.ActiveCfg = Debug|Any CPU
		{E4FF03DE-A4AB-4F7A-BB7F-3933BB34F7B6}.Ad-Hoc|iPhone.Build.0 = Debug|Any CPU
		{E4FF03DE-A4AB-4F7A-BB7F-3933BB34F7B6}.Ad-Hoc|iPhone.Deploy.0 = Debug|Any CPU
		{E4FF03DE-A4AB-4F7A-BB7F-3933BB34F7B6}.Ad-Hoc|iPhoneSimulator.ActiveCfg = Debug|Any CPU
		{E4FF03DE-A4AB-4F7A-BB7F-3933BB34F7B6}.Ad-Hoc|iPhoneSimulator.Build.0 = Debug|Any CPU
		{E4FF03DE-A4AB-4F7A-BB7F-3933BB34F7B6}.Ad-Hoc|iPhoneSimulator.Deploy.0 = Debug|Any CPU
		{E4FF03DE-A4AB-4F7A-BB7F-3933BB34F7B6}.AppStore|Any CPU.ActiveCfg = Debug|Any CPU
		{E4FF03DE-A4AB-4F7A-BB7F-3933BB34F7B6}.AppStore|Any CPU.Build.0 = Debug|Any CPU
		{E4FF03DE-A4AB-4F7A-BB7F-3933BB34F7B6}.AppStore|Any CPU.Deploy.0 = Debug|Any CPU
		{E4FF03DE-A4AB-4F7A-BB7F-3933BB34F7B6}.AppStore|iPhone.ActiveCfg = Debug|Any CPU
		{E4FF03DE-A4AB-4F7A-BB7F-3933BB34F7B6}.AppStore|iPhone.Build.0 = Debug|Any CPU
		{E4FF03DE-A4AB-4F7A-BB7F-3933BB34F7B6}.AppStore|iPhone.Deploy.0 = Debug|Any CPU
		{E4FF03DE-A4AB-4F7A-BB7F-3933BB34F7B6}.AppStore|iPhoneSimulator.ActiveCfg = Debug|Any CPU
		{E4FF03DE-A4AB-4F7A-BB7F-3933BB34F7B6}.AppStore|iPhoneSimulator.Build.0 = Debug|Any CPU
		{E4FF03DE-A4AB-4F7A-BB7F-3933BB34F7B6}.AppStore|iPhoneSimulator.Deploy.0 = Debug|Any CPU
		{E4FF03DE-A4AB-4F7A-BB7F-3933BB34F7B6}.Debug|Any CPU.ActiveCfg = Debug|Any CPU
		{E4FF03DE-A4AB-4F7A-BB7F-3933BB34F7B6}.Debug|Any CPU.Build.0 = Debug|Any CPU
		{E4FF03DE-A4AB-4F7A-BB7F-3933BB34F7B6}.Debug|Any CPU.Deploy.0 = Debug|Any CPU
		{E4FF03DE-A4AB-4F7A-BB7F-3933BB34F7B6}.Debug|iPhone.ActiveCfg = Debug|Any CPU
		{E4FF03DE-A4AB-4F7A-BB7F-3933BB34F7B6}.Debug|iPhone.Build.0 = Debug|Any CPU
		{E4FF03DE-A4AB-4F7A-BB7F-3933BB34F7B6}.Debug|iPhone.Deploy.0 = Debug|Any CPU
		{E4FF03DE-A4AB-4F7A-BB7F-3933BB34F7B6}.Debug|iPhoneSimulator.ActiveCfg = Debug|Any CPU
		{E4FF03DE-A4AB-4F7A-BB7F-3933BB34F7B6}.Debug|iPhoneSimulator.Build.0 = Debug|Any CPU
		{E4FF03DE-A4AB-4F7A-BB7F-3933BB34F7B6}.Debug|iPhoneSimulator.Deploy.0 = Debug|Any CPU
		{E4FF03DE-A4AB-4F7A-BB7F-3933BB34F7B6}.Release|Any CPU.ActiveCfg = Release|Any CPU
		{E4FF03DE-A4AB-4F7A-BB7F-3933BB34F7B6}.Release|Any CPU.Build.0 = Release|Any CPU
		{E4FF03DE-A4AB-4F7A-BB7F-3933BB34F7B6}.Release|Any CPU.Deploy.0 = Release|Any CPU
		{E4FF03DE-A4AB-4F7A-BB7F-3933BB34F7B6}.Release|iPhone.ActiveCfg = Release|Any CPU
		{E4FF03DE-A4AB-4F7A-BB7F-3933BB34F7B6}.Release|iPhone.Build.0 = Release|Any CPU
		{E4FF03DE-A4AB-4F7A-BB7F-3933BB34F7B6}.Release|iPhone.Deploy.0 = Release|Any CPU
		{E4FF03DE-A4AB-4F7A-BB7F-3933BB34F7B6}.Release|iPhoneSimulator.ActiveCfg = Release|Any CPU
		{E4FF03DE-A4AB-4F7A-BB7F-3933BB34F7B6}.Release|iPhoneSimulator.Build.0 = Release|Any CPU
		{E4FF03DE-A4AB-4F7A-BB7F-3933BB34F7B6}.Release|iPhoneSimulator.Deploy.0 = Release|Any CPU
	EndGlobalSection
	GlobalSection(SolutionProperties) = preSolution
		HideSolutionNode = FALSE
	EndGlobalSection
	GlobalSection(ExtensibilityGlobals) = postSolution
		SolutionGuid = {EE5CDD08-AC16-44A0-9AE5-CBC275F0A933}
	EndGlobalSection
EndGlobal
