
Microsoft Visual Studio Solution File, Format Version 12.00
# Visual Studio 15
VisualStudioVersion = 15.0.28307.421
MinimumVisualStudioVersion = 10.0.40219.1
Project("{FAE04EC0-301F-11D3-BF4B-00C04F79EFBC}") = "slidertransformer.Android", "slidertransformer\slidertransformer.Android\slidertransformer.Android.csproj", "{619F2BD4-6053-4226-B646-272DDBCF2487}"
EndProject
Project("{FAE04EC0-301F-11D3-BF4B-00C04F79EFBC}") = "slidertransformer.iOS", "slidertransformer\slidertransformer.iOS\slidertransformer.iOS.csproj", "{348000AE-A60A-4D3F-8E28-C0920E6F87E2}"
EndProject
Project("{FAE04EC0-301F-11D3-BF4B-00C04F79EFBC}") = "slidertransformer", "slidertransformer\slidertransformer\slidertransformer.csproj", "{33B61E2C-EFAF-425A-8E8F-A422F75CEE8A}"
EndProject
Global
	GlobalSection(SolutionConfigurationPlatforms) = preSolution
		Ad-Hoc|Any CPU = Ad-Hoc|Any CPU
		Ad-Hoc|iPhone = Ad-Hoc|iPhone
		Ad-Hoc|iPhoneSimulator = Ad-Hoc|iPhoneSimulator
		AppStore|Any CPU = AppStore|Any CPU
		AppStore|iPhone = AppStore|iPhone
		AppStore|iPhoneSimulator = AppStore|iPhoneSimulator
		Debug|Any CPU = Debug|Any CPU
		Debug|iPhone = Debug|iPhone
		Debug|iPhoneSimulator = Debug|iPhoneSimulator
		Release|Any CPU = Release|Any CPU
		Release|iPhone = Release|iPhone
		Release|iPhoneSimulator = Release|iPhoneSimulator
	EndGlobalSection
	GlobalSection(ProjectConfigurationPlatforms) = postSolution
		{619F2BD4-6053-4226-B646-272DDBCF2487}.Ad-Hoc|Any CPU.ActiveCfg = Release|Any CPU
		{619F2BD4-6053-4226-B646-272DDBCF2487}.Ad-Hoc|Any CPU.Build.0 = Release|Any CPU
		{619F2BD4-6053-4226-B646-272DDBCF2487}.Ad-Hoc|Any CPU.Deploy.0 = Release|Any CPU
		{619F2BD4-6053-4226-B646-272DDBCF2487}.Ad-Hoc|iPhone.ActiveCfg = Release|Any CPU
		{619F2BD4-6053-4226-B646-272DDBCF2487}.Ad-Hoc|iPhone.Build.0 = Release|Any CPU
		{619F2BD4-6053-4226-B646-272DDBCF2487}.Ad-Hoc|iPhone.Deploy.0 = Release|Any CPU
		{619F2BD4-6053-4226-B646-272DDBCF2487}.Ad-Hoc|iPhoneSimulator.ActiveCfg = Release|Any CPU
		{619F2BD4-6053-4226-B646-272DDBCF2487}.Ad-Hoc|iPhoneSimulator.Build.0 = Release|Any CPU
		{619F2BD4-6053-4226-B646-272DDBCF2487}.Ad-Hoc|iPhoneSimulator.Deploy.0 = Release|Any CPU
		{619F2BD4-6053-4226-B646-272DDBCF2487}.AppStore|Any CPU.ActiveCfg = Release|Any CPU
		{619F2BD4-6053-4226-B646-272DDBCF2487}.AppStore|Any CPU.Build.0 = Release|Any CPU
		{619F2BD4-6053-4226-B646-272DDBCF2487}.AppStore|Any CPU.Deploy.0 = Release|Any CPU
		{619F2BD4-6053-4226-B646-272DDBCF2487}.AppStore|iPhone.ActiveCfg = Release|Any CPU
		{619F2BD4-6053-4226-B646-272DDBCF2487}.AppStore|iPhone.Build.0 = Release|Any CPU
		{619F2BD4-6053-4226-B646-272DDBCF2487}.AppStore|iPhone.Deploy.0 = Release|Any CPU
		{619F2BD4-6053-4226-B646-272DDBCF2487}.AppStore|iPhoneSimulator.ActiveCfg = Release|Any CPU
		{619F2BD4-6053-4226-B646-272DDBCF2487}.AppStore|iPhoneSimulator.Build.0 = Release|Any CPU
		{619F2BD4-6053-4226-B646-272DDBCF2487}.AppStore|iPhoneSimulator.Deploy.0 = Release|Any CPU
		{619F2BD4-6053-4226-B646-272DDBCF2487}.Debug|Any CPU.ActiveCfg = Debug|Any CPU
		{619F2BD4-6053-4226-B646-272DDBCF2487}.Debug|Any CPU.Build.0 = Debug|Any CPU
		{619F2BD4-6053-4226-B646-272DDBCF2487}.Debug|Any CPU.Deploy.0 = Debug|Any CPU
		{619F2BD4-6053-4226-B646-272DDBCF2487}.Debug|iPhone.ActiveCfg = Debug|Any CPU
		{619F2BD4-6053-4226-B646-272DDBCF2487}.Debug|iPhone.Build.0 = Debug|Any CPU
		{619F2BD4-6053-4226-B646-272DDBCF2487}.Debug|iPhone.Deploy.0 = Debug|Any CPU
		{619F2BD4-6053-4226-B646-272DDBCF2487}.Debug|iPhoneSimulator.ActiveCfg = Debug|Any CPU
		{619F2BD4-6053-4226-B646-272DDBCF2487}.Debug|iPhoneSimulator.Build.0 = Debug|Any CPU
		{619F2BD4-6053-4226-B646-272DDBCF2487}.Debug|iPhoneSimulator.Deploy.0 = Debug|Any CPU
		{619F2BD4-6053-4226-B646-272DDBCF2487}.Release|Any CPU.ActiveCfg = Release|Any CPU
		{619F2BD4-6053-4226-B646-272DDBCF2487}.Release|Any CPU.Build.0 = Release|Any CPU
		{619F2BD4-6053-4226-B646-272DDBCF2487}.Release|Any CPU.Deploy.0 = Release|Any CPU
		{619F2BD4-6053-4226-B646-272DDBCF2487}.Release|iPhone.ActiveCfg = Release|Any CPU
		{619F2BD4-6053-4226-B646-272DDBCF2487}.Release|iPhone.Build.0 = Release|Any CPU
		{619F2BD4-6053-4226-B646-272DDBCF2487}.Release|iPhone.Deploy.0 = Release|Any CPU
		{619F2BD4-6053-4226-B646-272DDBCF2487}.Release|iPhoneSimulator.ActiveCfg = Release|Any CPU
		{619F2BD4-6053-4226-B646-272DDBCF2487}.Release|iPhoneSimulator.Build.0 = Release|Any CPU
		{619F2BD4-6053-4226-B646-272DDBCF2487}.Release|iPhoneSimulator.Deploy.0 = Release|Any CPU
		{348000AE-A60A-4D3F-8E28-C0920E6F87E2}.Ad-Hoc|Any CPU.ActiveCfg = Ad-Hoc|iPhone
		{348000AE-A60A-4D3F-8E28-C0920E6F87E2}.Ad-Hoc|Any CPU.Build.0 = Ad-Hoc|iPhone
		{348000AE-A60A-4D3F-8E28-C0920E6F87E2}.Ad-Hoc|Any CPU.Deploy.0 = Ad-Hoc|iPhone
		{348000AE-A60A-4D3F-8E28-C0920E6F87E2}.Ad-Hoc|iPhone.ActiveCfg = Ad-Hoc|iPhone
		{348000AE-A60A-4D3F-8E28-C0920E6F87E2}.Ad-Hoc|iPhone.Build.0 = Ad-Hoc|iPhone
		{348000AE-A60A-4D3F-8E28-C0920E6F87E2}.Ad-Hoc|iPhone.Deploy.0 = Ad-Hoc|iPhone
		{348000AE-A60A-4D3F-8E28-C0920E6F87E2}.Ad-Hoc|iPhoneSimulator.ActiveCfg = Ad-Hoc|iPhoneSimulator
		{348000AE-A60A-4D3F-8E28-C0920E6F87E2}.Ad-Hoc|iPhoneSimulator.Build.0 = Ad-Hoc|iPhoneSimulator
		{348000AE-A60A-4D3F-8E28-C0920E6F87E2}.Ad-Hoc|iPhoneSimulator.Deploy.0 = Ad-Hoc|iPhoneSimulator
		{348000AE-A60A-4D3F-8E28-C0920E6F87E2}.AppStore|Any CPU.ActiveCfg = AppStore|iPhone
		{348000AE-A60A-4D3F-8E28-C0920E6F87E2}.AppStore|Any CPU.Build.0 = AppStore|iPhone
		{348000AE-A60A-4D3F-8E28-C0920E6F87E2}.AppStore|Any CPU.Deploy.0 = AppStore|iPhone
		{348000AE-A60A-4D3F-8E28-C0920E6F87E2}.AppStore|iPhone.ActiveCfg = AppStore|iPhone
		{348000AE-A60A-4D3F-8E28-C0920E6F87E2}.AppStore|iPhone.Build.0 = AppStore|iPhone
		{348000AE-A60A-4D3F-8E28-C0920E6F87E2}.AppStore|iPhone.Deploy.0 = AppStore|iPhone
		{348000AE-A60A-4D3F-8E28-C0920E6F87E2}.AppStore|iPhoneSimulator.ActiveCfg = AppStore|iPhoneSimulator
		{348000AE-A60A-4D3F-8E28-C0920E6F87E2}.AppStore|iPhoneSimulator.Build.0 = AppStore|iPhoneSimulator
		{348000AE-A60A-4D3F-8E28-C0920E6F87E2}.AppStore|iPhoneSimulator.Deploy.0 = AppStore|iPhoneSimulator
		{348000AE-A60A-4D3F-8E28-C0920E6F87E2}.Debug|Any CPU.ActiveCfg = Debug|iPhoneSimulator
		{348000AE-A60A-4D3F-8E28-C0920E6F87E2}.Debug|Any CPU.Build.0 = Debug|iPhoneSimulator
		{348000AE-A60A-4D3F-8E28-C0920E6F87E2}.Debug|Any CPU.Deploy.0 = Debug|iPhoneSimulator
		{348000AE-A60A-4D3F-8E28-C0920E6F87E2}.Debug|iPhone.ActiveCfg = Debug|iPhone
		{348000AE-A60A-4D3F-8E28-C0920E6F87E2}.Debug|iPhone.Build.0 = Debug|iPhone
		{348000AE-A60A-4D3F-8E28-C0920E6F87E2}.Debug|iPhone.Deploy.0 = Debug|iPhone
		{348000AE-A60A-4D3F-8E28-C0920E6F87E2}.Debug|iPhoneSimulator.ActiveCfg = Debug|iPhoneSimulator
		{348000AE-A60A-4D3F-8E28-C0920E6F87E2}.Debug|iPhoneSimulator.Build.0 = Debug|iPhoneSimulator
		{348000AE-A60A-4D3F-8E28-C0920E6F87E2}.Debug|iPhoneSimulator.Deploy.0 = Debug|iPhoneSimulator
		{348000AE-A60A-4D3F-8E28-C0920E6F87E2}.Release|Any CPU.ActiveCfg = Release|iPhone
		{348000AE-A60A-4D3F-8E28-C0920E6F87E2}.Release|Any CPU.Build.0 = Release|iPhone
		{348000AE-A60A-4D3F-8E28-C0920E6F87E2}.Release|Any CPU.Deploy.0 = Release|iPhone
		{348000AE-A60A-4D3F-8E28-C0920E6F87E2}.Release|iPhone.ActiveCfg = Release|iPhone
		{348000AE-A60A-4D3F-8E28-C0920E6F87E2}.Release|iPhone.Build.0 = Release|iPhone
		{348000AE-A60A-4D3F-8E28-C0920E6F87E2}.Release|iPhone.Deploy.0 = Release|iPhone
		{348000AE-A60A-4D3F-8E28-C0920E6F87E2}.Release|iPhoneSimulator.ActiveCfg = Release|iPhoneSimulator
		{348000AE-A60A-4D3F-8E28-C0920E6F87E2}.Release|iPhoneSimulator.Build.0 = Release|iPhoneSimulator
		{348000AE-A60A-4D3F-8E28-C0920E6F87E2}.Release|iPhoneSimulator.Deploy.0 = Release|iPhoneSimulator
		{33B61E2C-EFAF-425A-8E8F-A422F75CEE8A}.Ad-Hoc|Any CPU.ActiveCfg = Debug|Any CPU
		{33B61E2C-EFAF-425A-8E8F-A422F75CEE8A}.Ad-Hoc|Any CPU.Build.0 = Debug|Any CPU
		{33B61E2C-EFAF-425A-8E8F-A422F75CEE8A}.Ad-Hoc|Any CPU.Deploy.0 = Debug|Any CPU
		{33B61E2C-EFAF-425A-8E8F-A422F75CEE8A}.Ad-Hoc|iPhone.ActiveCfg = Debug|Any CPU
		{33B61E2C-EFAF-425A-8E8F-A422F75CEE8A}.Ad-Hoc|iPhone.Build.0 = Debug|Any CPU
		{33B61E2C-EFAF-425A-8E8F-A422F75CEE8A}.Ad-Hoc|iPhone.Deploy.0 = Debug|Any CPU
		{33B61E2C-EFAF-425A-8E8F-A422F75CEE8A}.Ad-Hoc|iPhoneSimulator.ActiveCfg = Debug|Any CPU
		{33B61E2C-EFAF-425A-8E8F-A422F75CEE8A}.Ad-Hoc|iPhoneSimulator.Build.0 = Debug|Any CPU
		{33B61E2C-EFAF-425A-8E8F-A422F75CEE8A}.Ad-Hoc|iPhoneSimulator.Deploy.0 = Debug|Any CPU
		{33B61E2C-EFAF-425A-8E8F-A422F75CEE8A}.AppStore|Any CPU.ActiveCfg = Debug|Any CPU
		{33B61E2C-EFAF-425A-8E8F-A422F75CEE8A}.AppStore|Any CPU.Build.0 = Debug|Any CPU
		{33B61E2C-EFAF-425A-8E8F-A422F75CEE8A}.AppStore|Any CPU.Deploy.0 = Debug|Any CPU
		{33B61E2C-EFAF-425A-8E8F-A422F75CEE8A}.AppStore|iPhone.ActiveCfg = Debug|Any CPU
		{33B61E2C-EFAF-425A-8E8F-A422F75CEE8A}.AppStore|iPhone.Build.0 = Debug|Any CPU
		{33B61E2C-EFAF-425A-8E8F-A422F75CEE8A}.AppStore|iPhone.Deploy.0 = Debug|Any CPU
		{33B61E2C-EFAF-425A-8E8F-A422F75CEE8A}.AppStore|iPhoneSimulator.ActiveCfg = Debug|Any CPU
		{33B61E2C-EFAF-425A-8E8F-A422F75CEE8A}.AppStore|iPhoneSimulator.Build.0 = Debug|Any CPU
		{33B61E2C-EFAF-425A-8E8F-A422F75CEE8A}.AppStore|iPhoneSimulator.Deploy.0 = Debug|Any CPU
		{33B61E2C-EFAF-425A-8E8F-A422F75CEE8A}.Debug|Any CPU.ActiveCfg = Debug|Any CPU
		{33B61E2C-EFAF-425A-8E8F-A422F75CEE8A}.Debug|Any CPU.Build.0 = Debug|Any CPU
		{33B61E2C-EFAF-425A-8E8F-A422F75CEE8A}.Debug|Any CPU.Deploy.0 = Debug|Any CPU
		{33B61E2C-EFAF-425A-8E8F-A422F75CEE8A}.Debug|iPhone.ActiveCfg = Debug|Any CPU
		{33B61E2C-EFAF-425A-8E8F-A422F75CEE8A}.Debug|iPhone.Build.0 = Debug|Any CPU
		{33B61E2C-EFAF-425A-8E8F-A422F75CEE8A}.Debug|iPhone.Deploy.0 = Debug|Any CPU
		{33B61E2C-EFAF-425A-8E8F-A422F75CEE8A}.Debug|iPhoneSimulator.ActiveCfg = Debug|Any CPU
		{33B61E2C-EFAF-425A-8E8F-A422F75CEE8A}.Debug|iPhoneSimulator.Build.0 = Debug|Any CPU
		{33B61E2C-EFAF-425A-8E8F-A422F75CEE8A}.Debug|iPhoneSimulator.Deploy.0 = Debug|Any CPU
		{33B61E2C-EFAF-425A-8E8F-A422F75CEE8A}.Release|Any CPU.ActiveCfg = Release|Any CPU
		{33B61E2C-EFAF-425A-8E8F-A422F75CEE8A}.Release|Any CPU.Build.0 = Release|Any CPU
		{33B61E2C-EFAF-425A-8E8F-A422F75CEE8A}.Release|Any CPU.Deploy.0 = Release|Any CPU
		{33B61E2C-EFAF-425A-8E8F-A422F75CEE8A}.Release|iPhone.ActiveCfg = Release|Any CPU
		{33B61E2C-EFAF-425A-8E8F-A422F75CEE8A}.Release|iPhone.Build.0 = Release|Any CPU
		{33B61E2C-EFAF-425A-8E8F-A422F75CEE8A}.Release|iPhone.Deploy.0 = Release|Any CPU
		{33B61E2C-EFAF-425A-8E8F-A422F75CEE8A}.Release|iPhoneSimulator.ActiveCfg = Release|Any CPU
		{33B61E2C-EFAF-425A-8E8F-A422F75CEE8A}.Release|iPhoneSimulator.Build.0 = Release|Any CPU
		{33B61E2C-EFAF-425A-8E8F-A422F75CEE8A}.Release|iPhoneSimulator.Deploy.0 = Release|Any CPU
	EndGlobalSection
	GlobalSection(SolutionProperties) = preSolution
		HideSolutionNode = FALSE
	EndGlobalSection
	GlobalSection(ExtensibilityGlobals) = postSolution
		SolutionGuid = {AEC875F3-8E7F-435A-AD79-D556953059BD}
	EndGlobalSection
EndGlobal
