
Microsoft Visual Studio Solution File, Format Version 12.00
# Visual Studio 15
VisualStudioVersion = 15.0.28010.2003
MinimumVisualStudioVersion = 10.0.40219.1
Project("{FAE04EC0-301F-11D3-BF4B-00C04F79EFBC}") = "ConsoleApp2", "ConsoleApp2\ConsoleApp2.csproj", "{7E91BE59-6D04-4918-AF29-E4AC6DD7531A}"
EndProject
Global
	GlobalSection(SolutionConfigurationPlatforms) = preSolution
		Debug|Any CPU = Debug|Any CPU
		Release|Any CPU = Release|Any CPU
	EndGlobalSection
	GlobalSection(ProjectConfigurationPlatforms) = postSolution
		{7E91BE59-6D04-4918-AF29-E4AC6DD7531A}.Debug|Any CPU.ActiveCfg = Debug|Any CPU
		{7E91BE59-6D04-4918-AF29-E4AC6DD7531A}.Debug|Any CPU.Build.0 = Debug|Any CPU
		{7E91BE59-6D04-4918-AF29-E4AC6DD7531A}.Release|Any CPU.ActiveCfg = Release|Any CPU
		{7E91BE59-6D04-4918-AF29-E4AC6DD7531A}.Release|Any CPU.Build.0 = Release|Any CPU
	EndGlobalSection
	GlobalSection(SolutionProperties) = preSolution
		HideSolutionNode = FALSE
	EndGlobalSection
	GlobalSection(ExtensibilityGlobals) = postSolution
		SolutionGuid = {A5A5B541-40BC-4049-8555-5DDF9E881E2B}
	EndGlobalSection
EndGlobal
