
Microsoft Visual Studio Solution File, Format Version 12.00
# Visual Studio 15
VisualStudioVersion = 15.0.28307.779
MinimumVisualStudioVersion = 10.0.40219.1
Project("{FAE04EC0-301F-11D3-BF4B-00C04F79EFBC}") = "isprojectHiT", "isprojectHiT\isprojectHiT.csproj", "{7617B14A-B6A8-4EF5-A7B1-81C995BF53EF}"
EndProject
Global
	GlobalSection(SolutionConfigurationPlatforms) = preSolution
		Debug|Any CPU = Debug|Any CPU
		Release|Any CPU = Release|Any CPU
	EndGlobalSection
	GlobalSection(ProjectConfigurationPlatforms) = postSolution
		{7617B14A-B6A8-4EF5-A7B1-81C995BF53EF}.Debug|Any CPU.ActiveCfg = Debug|Any CPU
		{7617B14A-B6A8-4EF5-A7B1-81C995BF53EF}.Debug|Any CPU.Build.0 = Debug|Any CPU
		{7617B14A-B6A8-4EF5-A7B1-81C995BF53EF}.Release|Any CPU.ActiveCfg = Release|Any CPU
		{7617B14A-B6A8-4EF5-A7B1-81C995BF53EF}.Release|Any CPU.Build.0 = Release|Any CPU
	EndGlobalSection
	GlobalSection(SolutionProperties) = preSolution
		HideSolutionNode = FALSE
	EndGlobalSection
	GlobalSection(ExtensibilityGlobals) = postSolution
		SolutionGuid = {D025D760-5620-406E-88B8-F4CC540C0E5E}
	EndGlobalSection
EndGlobal
