
Microsoft Visual Studio Solution File, Format Version 12.00
# Visual Studio 15
VisualStudioVersion = 15.0.28307.421
MinimumVisualStudioVersion = 10.0.40219.1
Project("{FAE04EC0-301F-11D3-BF4B-00C04F79EFBC}") = "mymobileapp.Android", "mymobileapp.Android.csproj", "{8170A98B-64B3-4ADE-B8F4-C06C20655DED}"
EndProject
Project("{9A19103F-16F7-4668-BE54-9A1E7A4F7556}") = "mymobileapp", "..\mymobileapp\mymobileapp.csproj", "{21E5E1F1-1899-4925-91CF-B49953776AD9}"
EndProject
Global
	GlobalSection(SolutionConfigurationPlatforms) = preSolution
		Debug|Any CPU = Debug|Any CPU
		Release|Any CPU = Release|Any CPU
	EndGlobalSection
	GlobalSection(ProjectConfigurationPlatforms) = postSolution
		{8170A98B-64B3-4ADE-B8F4-C06C20655DED}.Debug|Any CPU.ActiveCfg = Debug|Any CPU
		{8170A98B-64B3-4ADE-B8F4-C06C20655DED}.Debug|Any CPU.Build.0 = Debug|Any CPU
		{8170A98B-64B3-4ADE-B8F4-C06C20655DED}.Debug|Any CPU.Deploy.0 = Debug|Any CPU
		{8170A98B-64B3-4ADE-B8F4-C06C20655DED}.Release|Any CPU.ActiveCfg = Release|Any CPU
		{8170A98B-64B3-4ADE-B8F4-C06C20655DED}.Release|Any CPU.Build.0 = Release|Any CPU
		{8170A98B-64B3-4ADE-B8F4-C06C20655DED}.Release|Any CPU.Deploy.0 = Release|Any CPU
		{21E5E1F1-1899-4925-91CF-B49953776AD9}.Debug|Any CPU.ActiveCfg = Debug|Any CPU
		{21E5E1F1-1899-4925-91CF-B49953776AD9}.Debug|Any CPU.Build.0 = Debug|Any CPU
		{21E5E1F1-1899-4925-91CF-B49953776AD9}.Release|Any CPU.ActiveCfg = Release|Any CPU
		{21E5E1F1-1899-4925-91CF-B49953776AD9}.Release|Any CPU.Build.0 = Release|Any CPU
	EndGlobalSection
	GlobalSection(SolutionProperties) = preSolution
		HideSolutionNode = FALSE
	EndGlobalSection
	GlobalSection(ExtensibilityGlobals) = postSolution
		SolutionGuid = {9BA74B5E-38AD-4083-97FA-0FE8EC6CD612}
	EndGlobalSection
EndGlobal
