
Microsoft Visual Studio Solution File, Format Version 12.00
# Visual Studio 15
VisualStudioVersion = 15.0.28307.421
MinimumVisualStudioVersion = 10.0.40219.1
Project("{FAE04EC0-301F-11D3-BF4B-00C04F79EFBC}") = "App3.Android", "App3\App3.Android\App3.Android.csproj", "{F05B4AE1-E04D-4EB8-8FB7-ACFAF70EB71E}"
EndProject
Project("{FAE04EC0-301F-11D3-BF4B-00C04F79EFBC}") = "App3.iOS", "App3\App3.iOS\App3.iOS.csproj", "{61582E4F-F970-4A19-BE7C-40D4A4440DFA}"
EndProject
Project("{FAE04EC0-301F-11D3-BF4B-00C04F79EFBC}") = "App3", "App3\App3\App3.csproj", "{E2540A12-160A-4000-9A5F-1EEC7E270FEC}"
EndProject
Global
	GlobalSection(SolutionConfigurationPlatforms) = preSolution
		Ad-Hoc|Any CPU = Ad-Hoc|Any CPU
		Ad-Hoc|iPhone = Ad-Hoc|iPhone
		Ad-Hoc|iPhoneSimulator = Ad-Hoc|iPhoneSimulator
		AppStore|Any CPU = AppStore|Any CPU
		AppStore|iPhone = AppStore|iPhone
		AppStore|iPhoneSimulator = AppStore|iPhoneSimulator
		Debug|Any CPU = Debug|Any CPU
		Debug|iPhone = Debug|iPhone
		Debug|iPhoneSimulator = Debug|iPhoneSimulator
		Release|Any CPU = Release|Any CPU
		Release|iPhone = Release|iPhone
		Release|iPhoneSimulator = Release|iPhoneSimulator
	EndGlobalSection
	GlobalSection(ProjectConfigurationPlatforms) = postSolution
		{F05B4AE1-E04D-4EB8-8FB7-ACFAF70EB71E}.Ad-Hoc|Any CPU.ActiveCfg = Release|Any CPU
		{F05B4AE1-E04D-4EB8-8FB7-ACFAF70EB71E}.Ad-Hoc|Any CPU.Build.0 = Release|Any CPU
		{F05B4AE1-E04D-4EB8-8FB7-ACFAF70EB71E}.Ad-Hoc|Any CPU.Deploy.0 = Release|Any CPU
		{F05B4AE1-E04D-4EB8-8FB7-ACFAF70EB71E}.Ad-Hoc|iPhone.ActiveCfg = Release|Any CPU
		{F05B4AE1-E04D-4EB8-8FB7-ACFAF70EB71E}.Ad-Hoc|iPhone.Build.0 = Release|Any CPU
		{F05B4AE1-E04D-4EB8-8FB7-ACFAF70EB71E}.Ad-Hoc|iPhone.Deploy.0 = Release|Any CPU
		{F05B4AE1-E04D-4EB8-8FB7-ACFAF70EB71E}.Ad-Hoc|iPhoneSimulator.ActiveCfg = Release|Any CPU
		{F05B4AE1-E04D-4EB8-8FB7-ACFAF70EB71E}.Ad-Hoc|iPhoneSimulator.Build.0 = Release|Any CPU
		{F05B4AE1-E04D-4EB8-8FB7-ACFAF70EB71E}.Ad-Hoc|iPhoneSimulator.Deploy.0 = Release|Any CPU
		{F05B4AE1-E04D-4EB8-8FB7-ACFAF70EB71E}.AppStore|Any CPU.ActiveCfg = Release|Any CPU
		{F05B4AE1-E04D-4EB8-8FB7-ACFAF70EB71E}.AppStore|Any CPU.Build.0 = Release|Any CPU
		{F05B4AE1-E04D-4EB8-8FB7-ACFAF70EB71E}.AppStore|Any CPU.Deploy.0 = Release|Any CPU
		{F05B4AE1-E04D-4EB8-8FB7-ACFAF70EB71E}.AppStore|iPhone.ActiveCfg = Release|Any CPU
		{F05B4AE1-E04D-4EB8-8FB7-ACFAF70EB71E}.AppStore|iPhone.Build.0 = Release|Any CPU
		{F05B4AE1-E04D-4EB8-8FB7-ACFAF70EB71E}.AppStore|iPhone.Deploy.0 = Release|Any CPU
		{F05B4AE1-E04D-4EB8-8FB7-ACFAF70EB71E}.AppStore|iPhoneSimulator.ActiveCfg = Release|Any CPU
		{F05B4AE1-E04D-4EB8-8FB7-ACFAF70EB71E}.AppStore|iPhoneSimulator.Build.0 = Release|Any CPU
		{F05B4AE1-E04D-4EB8-8FB7-ACFAF70EB71E}.AppStore|iPhoneSimulator.Deploy.0 = Release|Any CPU
		{F05B4AE1-E04D-4EB8-8FB7-ACFAF70EB71E}.Debug|Any CPU.ActiveCfg = Debug|Any CPU
		{F05B4AE1-E04D-4EB8-8FB7-ACFAF70EB71E}.Debug|Any CPU.Build.0 = Debug|Any CPU
		{F05B4AE1-E04D-4EB8-8FB7-ACFAF70EB71E}.Debug|Any CPU.Deploy.0 = Debug|Any CPU
		{F05B4AE1-E04D-4EB8-8FB7-ACFAF70EB71E}.Debug|iPhone.ActiveCfg = Debug|Any CPU
		{F05B4AE1-E04D-4EB8-8FB7-ACFAF70EB71E}.Debug|iPhone.Build.0 = Debug|Any CPU
		{F05B4AE1-E04D-4EB8-8FB7-ACFAF70EB71E}.Debug|iPhone.Deploy.0 = Debug|Any CPU
		{F05B4AE1-E04D-4EB8-8FB7-ACFAF70EB71E}.Debug|iPhoneSimulator.ActiveCfg = Debug|Any CPU
		{F05B4AE1-E04D-4EB8-8FB7-ACFAF70EB71E}.Debug|iPhoneSimulator.Build.0 = Debug|Any CPU
		{F05B4AE1-E04D-4EB8-8FB7-ACFAF70EB71E}.Debug|iPhoneSimulator.Deploy.0 = Debug|Any CPU
		{F05B4AE1-E04D-4EB8-8FB7-ACFAF70EB71E}.Release|Any CPU.ActiveCfg = Release|Any CPU
		{F05B4AE1-E04D-4EB8-8FB7-ACFAF70EB71E}.Release|Any CPU.Build.0 = Release|Any CPU
		{F05B4AE1-E04D-4EB8-8FB7-ACFAF70EB71E}.Release|Any CPU.Deploy.0 = Release|Any CPU
		{F05B4AE1-E04D-4EB8-8FB7-ACFAF70EB71E}.Release|iPhone.ActiveCfg = Release|Any CPU
		{F05B4AE1-E04D-4EB8-8FB7-ACFAF70EB71E}.Release|iPhone.Build.0 = Release|Any CPU
		{F05B4AE1-E04D-4EB8-8FB7-ACFAF70EB71E}.Release|iPhone.Deploy.0 = Release|Any CPU
		{F05B4AE1-E04D-4EB8-8FB7-ACFAF70EB71E}.Release|iPhoneSimulator.ActiveCfg = Release|Any CPU
		{F05B4AE1-E04D-4EB8-8FB7-ACFAF70EB71E}.Release|iPhoneSimulator.Build.0 = Release|Any CPU
		{F05B4AE1-E04D-4EB8-8FB7-ACFAF70EB71E}.Release|iPhoneSimulator.Deploy.0 = Release|Any CPU
		{61582E4F-F970-4A19-BE7C-40D4A4440DFA}.Ad-Hoc|Any CPU.ActiveCfg = Ad-Hoc|iPhone
		{61582E4F-F970-4A19-BE7C-40D4A4440DFA}.Ad-Hoc|Any CPU.Build.0 = Ad-Hoc|iPhone
		{61582E4F-F970-4A19-BE7C-40D4A4440DFA}.Ad-Hoc|Any CPU.Deploy.0 = Ad-Hoc|iPhone
		{61582E4F-F970-4A19-BE7C-40D4A4440DFA}.Ad-Hoc|iPhone.ActiveCfg = Ad-Hoc|iPhone
		{61582E4F-F970-4A19-BE7C-40D4A4440DFA}.Ad-Hoc|iPhone.Build.0 = Ad-Hoc|iPhone
		{61582E4F-F970-4A19-BE7C-40D4A4440DFA}.Ad-Hoc|iPhone.Deploy.0 = Ad-Hoc|iPhone
		{61582E4F-F970-4A19-BE7C-40D4A4440DFA}.Ad-Hoc|iPhoneSimulator.ActiveCfg = Ad-Hoc|iPhoneSimulator
		{61582E4F-F970-4A19-BE7C-40D4A4440DFA}.Ad-Hoc|iPhoneSimulator.Build.0 = Ad-Hoc|iPhoneSimulator
		{61582E4F-F970-4A19-BE7C-40D4A4440DFA}.Ad-Hoc|iPhoneSimulator.Deploy.0 = Ad-Hoc|iPhoneSimulator
		{61582E4F-F970-4A19-BE7C-40D4A4440DFA}.AppStore|Any CPU.ActiveCfg = AppStore|iPhone
		{61582E4F-F970-4A19-BE7C-40D4A4440DFA}.AppStore|Any CPU.Build.0 = AppStore|iPhone
		{61582E4F-F970-4A19-BE7C-40D4A4440DFA}.AppStore|Any CPU.Deploy.0 = AppStore|iPhone
		{61582E4F-F970-4A19-BE7C-40D4A4440DFA}.AppStore|iPhone.ActiveCfg = AppStore|iPhone
		{61582E4F-F970-4A19-BE7C-40D4A4440DFA}.AppStore|iPhone.Build.0 = AppStore|iPhone
		{61582E4F-F970-4A19-BE7C-40D4A4440DFA}.AppStore|iPhone.Deploy.0 = AppStore|iPhone
		{61582E4F-F970-4A19-BE7C-40D4A4440DFA}.AppStore|iPhoneSimulator.ActiveCfg = AppStore|iPhoneSimulator
		{61582E4F-F970-4A19-BE7C-40D4A4440DFA}.AppStore|iPhoneSimulator.Build.0 = AppStore|iPhoneSimulator
		{61582E4F-F970-4A19-BE7C-40D4A4440DFA}.AppStore|iPhoneSimulator.Deploy.0 = AppStore|iPhoneSimulator
		{61582E4F-F970-4A19-BE7C-40D4A4440DFA}.Debug|Any CPU.ActiveCfg = Debug|iPhoneSimulator
		{61582E4F-F970-4A19-BE7C-40D4A4440DFA}.Debug|Any CPU.Build.0 = Debug|iPhoneSimulator
		{61582E4F-F970-4A19-BE7C-40D4A4440DFA}.Debug|Any CPU.Deploy.0 = Debug|iPhoneSimulator
		{61582E4F-F970-4A19-BE7C-40D4A4440DFA}.Debug|iPhone.ActiveCfg = Debug|iPhone
		{61582E4F-F970-4A19-BE7C-40D4A4440DFA}.Debug|iPhone.Build.0 = Debug|iPhone
		{61582E4F-F970-4A19-BE7C-40D4A4440DFA}.Debug|iPhone.Deploy.0 = Debug|iPhone
		{61582E4F-F970-4A19-BE7C-40D4A4440DFA}.Debug|iPhoneSimulator.ActiveCfg = Debug|iPhoneSimulator
		{61582E4F-F970-4A19-BE7C-40D4A4440DFA}.Debug|iPhoneSimulator.Build.0 = Debug|iPhoneSimulator
		{61582E4F-F970-4A19-BE7C-40D4A4440DFA}.Debug|iPhoneSimulator.Deploy.0 = Debug|iPhoneSimulator
		{61582E4F-F970-4A19-BE7C-40D4A4440DFA}.Release|Any CPU.ActiveCfg = Release|iPhone
		{61582E4F-F970-4A19-BE7C-40D4A4440DFA}.Release|Any CPU.Build.0 = Release|iPhone
		{61582E4F-F970-4A19-BE7C-40D4A4440DFA}.Release|Any CPU.Deploy.0 = Release|iPhone
		{61582E4F-F970-4A19-BE7C-40D4A4440DFA}.Release|iPhone.ActiveCfg = Release|iPhone
		{61582E4F-F970-4A19-BE7C-40D4A4440DFA}.Release|iPhone.Build.0 = Release|iPhone
		{61582E4F-F970-4A19-BE7C-40D4A4440DFA}.Release|iPhone.Deploy.0 = Release|iPhone
		{61582E4F-F970-4A19-BE7C-40D4A4440DFA}.Release|iPhoneSimulator.ActiveCfg = Release|iPhoneSimulator
		{61582E4F-F970-4A19-BE7C-40D4A4440DFA}.Release|iPhoneSimulator.Build.0 = Release|iPhoneSimulator
		{61582E4F-F970-4A19-BE7C-40D4A4440DFA}.Release|iPhoneSimulator.Deploy.0 = Release|iPhoneSimulator
		{E2540A12-160A-4000-9A5F-1EEC7E270FEC}.Ad-Hoc|Any CPU.ActiveCfg = Debug|Any CPU
		{E2540A12-160A-4000-9A5F-1EEC7E270FEC}.Ad-Hoc|Any CPU.Build.0 = Debug|Any CPU
		{E2540A12-160A-4000-9A5F-1EEC7E270FEC}.Ad-Hoc|Any CPU.Deploy.0 = Debug|Any CPU
		{E2540A12-160A-4000-9A5F-1EEC7E270FEC}.Ad-Hoc|iPhone.ActiveCfg = Debug|Any CPU
		{E2540A12-160A-4000-9A5F-1EEC7E270FEC}.Ad-Hoc|iPhone.Build.0 = Debug|Any CPU
		{E2540A12-160A-4000-9A5F-1EEC7E270FEC}.Ad-Hoc|iPhone.Deploy.0 = Debug|Any CPU
		{E2540A12-160A-4000-9A5F-1EEC7E270FEC}.Ad-Hoc|iPhoneSimulator.ActiveCfg = Debug|Any CPU
		{E2540A12-160A-4000-9A5F-1EEC7E270FEC}.Ad-Hoc|iPhoneSimulator.Build.0 = Debug|Any CPU
		{E2540A12-160A-4000-9A5F-1EEC7E270FEC}.Ad-Hoc|iPhoneSimulator.Deploy.0 = Debug|Any CPU
		{E2540A12-160A-4000-9A5F-1EEC7E270FEC}.AppStore|Any CPU.ActiveCfg = Debug|Any CPU
		{E2540A12-160A-4000-9A5F-1EEC7E270FEC}.AppStore|Any CPU.Build.0 = Debug|Any CPU
		{E2540A12-160A-4000-9A5F-1EEC7E270FEC}.AppStore|Any CPU.Deploy.0 = Debug|Any CPU
		{E2540A12-160A-4000-9A5F-1EEC7E270FEC}.AppStore|iPhone.ActiveCfg = Debug|Any CPU
		{E2540A12-160A-4000-9A5F-1EEC7E270FEC}.AppStore|iPhone.Build.0 = Debug|Any CPU
		{E2540A12-160A-4000-9A5F-1EEC7E270FEC}.AppStore|iPhone.Deploy.0 = Debug|Any CPU
		{E2540A12-160A-4000-9A5F-1EEC7E270FEC}.AppStore|iPhoneSimulator.ActiveCfg = Debug|Any CPU
		{E2540A12-160A-4000-9A5F-1EEC7E270FEC}.AppStore|iPhoneSimulator.Build.0 = Debug|Any CPU
		{E2540A12-160A-4000-9A5F-1EEC7E270FEC}.AppStore|iPhoneSimulator.Deploy.0 = Debug|Any CPU
		{E2540A12-160A-4000-9A5F-1EEC7E270FEC}.Debug|Any CPU.ActiveCfg = Debug|Any CPU
		{E2540A12-160A-4000-9A5F-1EEC7E270FEC}.Debug|Any CPU.Build.0 = Debug|Any CPU
		{E2540A12-160A-4000-9A5F-1EEC7E270FEC}.Debug|Any CPU.Deploy.0 = Debug|Any CPU
		{E2540A12-160A-4000-9A5F-1EEC7E270FEC}.Debug|iPhone.ActiveCfg = Debug|Any CPU
		{E2540A12-160A-4000-9A5F-1EEC7E270FEC}.Debug|iPhone.Build.0 = Debug|Any CPU
		{E2540A12-160A-4000-9A5F-1EEC7E270FEC}.Debug|iPhone.Deploy.0 = Debug|Any CPU
		{E2540A12-160A-4000-9A5F-1EEC7E270FEC}.Debug|iPhoneSimulator.ActiveCfg = Debug|Any CPU
		{E2540A12-160A-4000-9A5F-1EEC7E270FEC}.Debug|iPhoneSimulator.Build.0 = Debug|Any CPU
		{E2540A12-160A-4000-9A5F-1EEC7E270FEC}.Debug|iPhoneSimulator.Deploy.0 = Debug|Any CPU
		{E2540A12-160A-4000-9A5F-1EEC7E270FEC}.Release|Any CPU.ActiveCfg = Release|Any CPU
		{E2540A12-160A-4000-9A5F-1EEC7E270FEC}.Release|Any CPU.Build.0 = Release|Any CPU
		{E2540A12-160A-4000-9A5F-1EEC7E270FEC}.Release|Any CPU.Deploy.0 = Release|Any CPU
		{E2540A12-160A-4000-9A5F-1EEC7E270FEC}.Release|iPhone.ActiveCfg = Release|Any CPU
		{E2540A12-160A-4000-9A5F-1EEC7E270FEC}.Release|iPhone.Build.0 = Release|Any CPU
		{E2540A12-160A-4000-9A5F-1EEC7E270FEC}.Release|iPhone.Deploy.0 = Release|Any CPU
		{E2540A12-160A-4000-9A5F-1EEC7E270FEC}.Release|iPhoneSimulator.ActiveCfg = Release|Any CPU
		{E2540A12-160A-4000-9A5F-1EEC7E270FEC}.Release|iPhoneSimulator.Build.0 = Release|Any CPU
		{E2540A12-160A-4000-9A5F-1EEC7E270FEC}.Release|iPhoneSimulator.Deploy.0 = Release|Any CPU
	EndGlobalSection
	GlobalSection(SolutionProperties) = preSolution
		HideSolutionNode = FALSE
	EndGlobalSection
	GlobalSection(ExtensibilityGlobals) = postSolution
		SolutionGuid = {4CB4AE35-6EEF-49AE-AF4B-8E28FCD29935}
	EndGlobalSection
EndGlobal
