
Microsoft Visual Studio Solution File, Format Version 12.00
# Visual Studio 15
VisualStudioVersion = 15.0.28307.421
MinimumVisualStudioVersion = 10.0.40219.1
Project("{FAE04EC0-301F-11D3-BF4B-00C04F79EFBC}") = "PassData.Android", "PassData\PassData.Android\PassData.Android.csproj", "{68EF373E-1122-4E9B-930C-DEAEB4806D49}"
EndProject
Project("{FAE04EC0-301F-11D3-BF4B-00C04F79EFBC}") = "PassData.iOS", "PassData\PassData.iOS\PassData.iOS.csproj", "{4AC356BF-77C0-4788-AEFB-9990B01ACCA4}"
EndProject
Project("{9A19103F-16F7-4668-BE54-9A1E7A4F7556}") = "PassData", "PassData\PassData\PassData.csproj", "{20BE59FB-6972-4922-9C0F-850DE75957CB}"
EndProject
Global
	GlobalSection(SolutionConfigurationPlatforms) = preSolution
		Ad-Hoc|Any CPU = Ad-Hoc|Any CPU
		Ad-Hoc|iPhone = Ad-Hoc|iPhone
		Ad-Hoc|iPhoneSimulator = Ad-Hoc|iPhoneSimulator
		AppStore|Any CPU = AppStore|Any CPU
		AppStore|iPhone = AppStore|iPhone
		AppStore|iPhoneSimulator = AppStore|iPhoneSimulator
		Debug|Any CPU = Debug|Any CPU
		Debug|iPhone = Debug|iPhone
		Debug|iPhoneSimulator = Debug|iPhoneSimulator
		Release|Any CPU = Release|Any CPU
		Release|iPhone = Release|iPhone
		Release|iPhoneSimulator = Release|iPhoneSimulator
	EndGlobalSection
	GlobalSection(ProjectConfigurationPlatforms) = postSolution
		{68EF373E-1122-4E9B-930C-DEAEB4806D49}.Ad-Hoc|Any CPU.ActiveCfg = Release|Any CPU
		{68EF373E-1122-4E9B-930C-DEAEB4806D49}.Ad-Hoc|Any CPU.Build.0 = Release|Any CPU
		{68EF373E-1122-4E9B-930C-DEAEB4806D49}.Ad-Hoc|Any CPU.Deploy.0 = Release|Any CPU
		{68EF373E-1122-4E9B-930C-DEAEB4806D49}.Ad-Hoc|iPhone.ActiveCfg = Release|Any CPU
		{68EF373E-1122-4E9B-930C-DEAEB4806D49}.Ad-Hoc|iPhone.Build.0 = Release|Any CPU
		{68EF373E-1122-4E9B-930C-DEAEB4806D49}.Ad-Hoc|iPhone.Deploy.0 = Release|Any CPU
		{68EF373E-1122-4E9B-930C-DEAEB4806D49}.Ad-Hoc|iPhoneSimulator.ActiveCfg = Release|Any CPU
		{68EF373E-1122-4E9B-930C-DEAEB4806D49}.Ad-Hoc|iPhoneSimulator.Build.0 = Release|Any CPU
		{68EF373E-1122-4E9B-930C-DEAEB4806D49}.Ad-Hoc|iPhoneSimulator.Deploy.0 = Release|Any CPU
		{68EF373E-1122-4E9B-930C-DEAEB4806D49}.AppStore|Any CPU.ActiveCfg = Release|Any CPU
		{68EF373E-1122-4E9B-930C-DEAEB4806D49}.AppStore|Any CPU.Build.0 = Release|Any CPU
		{68EF373E-1122-4E9B-930C-DEAEB4806D49}.AppStore|Any CPU.Deploy.0 = Release|Any CPU
		{68EF373E-1122-4E9B-930C-DEAEB4806D49}.AppStore|iPhone.ActiveCfg = Release|Any CPU
		{68EF373E-1122-4E9B-930C-DEAEB4806D49}.AppStore|iPhone.Build.0 = Release|Any CPU
		{68EF373E-1122-4E9B-930C-DEAEB4806D49}.AppStore|iPhone.Deploy.0 = Release|Any CPU
		{68EF373E-1122-4E9B-930C-DEAEB4806D49}.AppStore|iPhoneSimulator.ActiveCfg = Release|Any CPU
		{68EF373E-1122-4E9B-930C-DEAEB4806D49}.AppStore|iPhoneSimulator.Build.0 = Release|Any CPU
		{68EF373E-1122-4E9B-930C-DEAEB4806D49}.AppStore|iPhoneSimulator.Deploy.0 = Release|Any CPU
		{68EF373E-1122-4E9B-930C-DEAEB4806D49}.Debug|Any CPU.ActiveCfg = Debug|Any CPU
		{68EF373E-1122-4E9B-930C-DEAEB4806D49}.Debug|Any CPU.Build.0 = Debug|Any CPU
		{68EF373E-1122-4E9B-930C-DEAEB4806D49}.Debug|Any CPU.Deploy.0 = Debug|Any CPU
		{68EF373E-1122-4E9B-930C-DEAEB4806D49}.Debug|iPhone.ActiveCfg = Debug|Any CPU
		{68EF373E-1122-4E9B-930C-DEAEB4806D49}.Debug|iPhone.Build.0 = Debug|Any CPU
		{68EF373E-1122-4E9B-930C-DEAEB4806D49}.Debug|iPhone.Deploy.0 = Debug|Any CPU
		{68EF373E-1122-4E9B-930C-DEAEB4806D49}.Debug|iPhoneSimulator.ActiveCfg = Debug|Any CPU
		{68EF373E-1122-4E9B-930C-DEAEB4806D49}.Debug|iPhoneSimulator.Build.0 = Debug|Any CPU
		{68EF373E-1122-4E9B-930C-DEAEB4806D49}.Debug|iPhoneSimulator.Deploy.0 = Debug|Any CPU
		{68EF373E-1122-4E9B-930C-DEAEB4806D49}.Release|Any CPU.ActiveCfg = Release|Any CPU
		{68EF373E-1122-4E9B-930C-DEAEB4806D49}.Release|Any CPU.Build.0 = Release|Any CPU
		{68EF373E-1122-4E9B-930C-DEAEB4806D49}.Release|Any CPU.Deploy.0 = Release|Any CPU
		{68EF373E-1122-4E9B-930C-DEAEB4806D49}.Release|iPhone.ActiveCfg = Release|Any CPU
		{68EF373E-1122-4E9B-930C-DEAEB4806D49}.Release|iPhone.Build.0 = Release|Any CPU
		{68EF373E-1122-4E9B-930C-DEAEB4806D49}.Release|iPhone.Deploy.0 = Release|Any CPU
		{68EF373E-1122-4E9B-930C-DEAEB4806D49}.Release|iPhoneSimulator.ActiveCfg = Release|Any CPU
		{68EF373E-1122-4E9B-930C-DEAEB4806D49}.Release|iPhoneSimulator.Build.0 = Release|Any CPU
		{68EF373E-1122-4E9B-930C-DEAEB4806D49}.Release|iPhoneSimulator.Deploy.0 = Release|Any CPU
		{4AC356BF-77C0-4788-AEFB-9990B01ACCA4}.Ad-Hoc|Any CPU.ActiveCfg = Ad-Hoc|iPhone
		{4AC356BF-77C0-4788-AEFB-9990B01ACCA4}.Ad-Hoc|Any CPU.Build.0 = Ad-Hoc|iPhone
		{4AC356BF-77C0-4788-AEFB-9990B01ACCA4}.Ad-Hoc|Any CPU.Deploy.0 = Ad-Hoc|iPhone
		{4AC356BF-77C0-4788-AEFB-9990B01ACCA4}.Ad-Hoc|iPhone.ActiveCfg = Ad-Hoc|iPhone
		{4AC356BF-77C0-4788-AEFB-9990B01ACCA4}.Ad-Hoc|iPhone.Build.0 = Ad-Hoc|iPhone
		{4AC356BF-77C0-4788-AEFB-9990B01ACCA4}.Ad-Hoc|iPhone.Deploy.0 = Ad-Hoc|iPhone
		{4AC356BF-77C0-4788-AEFB-9990B01ACCA4}.Ad-Hoc|iPhoneSimulator.ActiveCfg = Ad-Hoc|iPhoneSimulator
		{4AC356BF-77C0-4788-AEFB-9990B01ACCA4}.Ad-Hoc|iPhoneSimulator.Build.0 = Ad-Hoc|iPhoneSimulator
		{4AC356BF-77C0-4788-AEFB-9990B01ACCA4}.Ad-Hoc|iPhoneSimulator.Deploy.0 = Ad-Hoc|iPhoneSimulator
		{4AC356BF-77C0-4788-AEFB-9990B01ACCA4}.AppStore|Any CPU.ActiveCfg = AppStore|iPhone
		{4AC356BF-77C0-4788-AEFB-9990B01ACCA4}.AppStore|Any CPU.Build.0 = AppStore|iPhone
		{4AC356BF-77C0-4788-AEFB-9990B01ACCA4}.AppStore|Any CPU.Deploy.0 = AppStore|iPhone
		{4AC356BF-77C0-4788-AEFB-9990B01ACCA4}.AppStore|iPhone.ActiveCfg = AppStore|iPhone
		{4AC356BF-77C0-4788-AEFB-9990B01ACCA4}.AppStore|iPhone.Build.0 = AppStore|iPhone
		{4AC356BF-77C0-4788-AEFB-9990B01ACCA4}.AppStore|iPhone.Deploy.0 = AppStore|iPhone
		{4AC356BF-77C0-4788-AEFB-9990B01ACCA4}.AppStore|iPhoneSimulator.ActiveCfg = AppStore|iPhoneSimulator
		{4AC356BF-77C0-4788-AEFB-9990B01ACCA4}.AppStore|iPhoneSimulator.Build.0 = AppStore|iPhoneSimulator
		{4AC356BF-77C0-4788-AEFB-9990B01ACCA4}.AppStore|iPhoneSimulator.Deploy.0 = AppStore|iPhoneSimulator
		{4AC356BF-77C0-4788-AEFB-9990B01ACCA4}.Debug|Any CPU.ActiveCfg = Debug|iPhoneSimulator
		{4AC356BF-77C0-4788-AEFB-9990B01ACCA4}.Debug|Any CPU.Build.0 = Debug|iPhoneSimulator
		{4AC356BF-77C0-4788-AEFB-9990B01ACCA4}.Debug|Any CPU.Deploy.0 = Debug|iPhoneSimulator
		{4AC356BF-77C0-4788-AEFB-9990B01ACCA4}.Debug|iPhone.ActiveCfg = Debug|iPhone
		{4AC356BF-77C0-4788-AEFB-9990B01ACCA4}.Debug|iPhone.Build.0 = Debug|iPhone
		{4AC356BF-77C0-4788-AEFB-9990B01ACCA4}.Debug|iPhone.Deploy.0 = Debug|iPhone
		{4AC356BF-77C0-4788-AEFB-9990B01ACCA4}.Debug|iPhoneSimulator.ActiveCfg = Debug|iPhoneSimulator
		{4AC356BF-77C0-4788-AEFB-9990B01ACCA4}.Debug|iPhoneSimulator.Build.0 = Debug|iPhoneSimulator
		{4AC356BF-77C0-4788-AEFB-9990B01ACCA4}.Debug|iPhoneSimulator.Deploy.0 = Debug|iPhoneSimulator
		{4AC356BF-77C0-4788-AEFB-9990B01ACCA4}.Release|Any CPU.ActiveCfg = Release|iPhone
		{4AC356BF-77C0-4788-AEFB-9990B01ACCA4}.Release|Any CPU.Build.0 = Release|iPhone
		{4AC356BF-77C0-4788-AEFB-9990B01ACCA4}.Release|Any CPU.Deploy.0 = Release|iPhone
		{4AC356BF-77C0-4788-AEFB-9990B01ACCA4}.Release|iPhone.ActiveCfg = Release|iPhone
		{4AC356BF-77C0-4788-AEFB-9990B01ACCA4}.Release|iPhone.Build.0 = Release|iPhone
		{4AC356BF-77C0-4788-AEFB-9990B01ACCA4}.Release|iPhone.Deploy.0 = Release|iPhone
		{4AC356BF-77C0-4788-AEFB-9990B01ACCA4}.Release|iPhoneSimulator.ActiveCfg = Release|iPhoneSimulator
		{4AC356BF-77C0-4788-AEFB-9990B01ACCA4}.Release|iPhoneSimulator.Build.0 = Release|iPhoneSimulator
		{4AC356BF-77C0-4788-AEFB-9990B01ACCA4}.Release|iPhoneSimulator.Deploy.0 = Release|iPhoneSimulator
		{20BE59FB-6972-4922-9C0F-850DE75957CB}.Ad-Hoc|Any CPU.ActiveCfg = Debug|Any CPU
		{20BE59FB-6972-4922-9C0F-850DE75957CB}.Ad-Hoc|Any CPU.Build.0 = Debug|Any CPU
		{20BE59FB-6972-4922-9C0F-850DE75957CB}.Ad-Hoc|Any CPU.Deploy.0 = Debug|Any CPU
		{20BE59FB-6972-4922-9C0F-850DE75957CB}.Ad-Hoc|iPhone.ActiveCfg = Debug|Any CPU
		{20BE59FB-6972-4922-9C0F-850DE75957CB}.Ad-Hoc|iPhone.Build.0 = Debug|Any CPU
		{20BE59FB-6972-4922-9C0F-850DE75957CB}.Ad-Hoc|iPhone.Deploy.0 = Debug|Any CPU
		{20BE59FB-6972-4922-9C0F-850DE75957CB}.Ad-Hoc|iPhoneSimulator.ActiveCfg = Debug|Any CPU
		{20BE59FB-6972-4922-9C0F-850DE75957CB}.Ad-Hoc|iPhoneSimulator.Build.0 = Debug|Any CPU
		{20BE59FB-6972-4922-9C0F-850DE75957CB}.Ad-Hoc|iPhoneSimulator.Deploy.0 = Debug|Any CPU
		{20BE59FB-6972-4922-9C0F-850DE75957CB}.AppStore|Any CPU.ActiveCfg = Debug|Any CPU
		{20BE59FB-6972-4922-9C0F-850DE75957CB}.AppStore|Any CPU.Build.0 = Debug|Any CPU
		{20BE59FB-6972-4922-9C0F-850DE75957CB}.AppStore|Any CPU.Deploy.0 = Debug|Any CPU
		{20BE59FB-6972-4922-9C0F-850DE75957CB}.AppStore|iPhone.ActiveCfg = Debug|Any CPU
		{20BE59FB-6972-4922-9C0F-850DE75957CB}.AppStore|iPhone.Build.0 = Debug|Any CPU
		{20BE59FB-6972-4922-9C0F-850DE75957CB}.AppStore|iPhone.Deploy.0 = Debug|Any CPU
		{20BE59FB-6972-4922-9C0F-850DE75957CB}.AppStore|iPhoneSimulator.ActiveCfg = Debug|Any CPU
		{20BE59FB-6972-4922-9C0F-850DE75957CB}.AppStore|iPhoneSimulator.Build.0 = Debug|Any CPU
		{20BE59FB-6972-4922-9C0F-850DE75957CB}.AppStore|iPhoneSimulator.Deploy.0 = Debug|Any CPU
		{20BE59FB-6972-4922-9C0F-850DE75957CB}.Debug|Any CPU.ActiveCfg = Debug|Any CPU
		{20BE59FB-6972-4922-9C0F-850DE75957CB}.Debug|Any CPU.Build.0 = Debug|Any CPU
		{20BE59FB-6972-4922-9C0F-850DE75957CB}.Debug|Any CPU.Deploy.0 = Debug|Any CPU
		{20BE59FB-6972-4922-9C0F-850DE75957CB}.Debug|iPhone.ActiveCfg = Debug|Any CPU
		{20BE59FB-6972-4922-9C0F-850DE75957CB}.Debug|iPhone.Build.0 = Debug|Any CPU
		{20BE59FB-6972-4922-9C0F-850DE75957CB}.Debug|iPhone.Deploy.0 = Debug|Any CPU
		{20BE59FB-6972-4922-9C0F-850DE75957CB}.Debug|iPhoneSimulator.ActiveCfg = Debug|Any CPU
		{20BE59FB-6972-4922-9C0F-850DE75957CB}.Debug|iPhoneSimulator.Build.0 = Debug|Any CPU
		{20BE59FB-6972-4922-9C0F-850DE75957CB}.Debug|iPhoneSimulator.Deploy.0 = Debug|Any CPU
		{20BE59FB-6972-4922-9C0F-850DE75957CB}.Release|Any CPU.ActiveCfg = Release|Any CPU
		{20BE59FB-6972-4922-9C0F-850DE75957CB}.Release|Any CPU.Build.0 = Release|Any CPU
		{20BE59FB-6972-4922-9C0F-850DE75957CB}.Release|Any CPU.Deploy.0 = Release|Any CPU
		{20BE59FB-6972-4922-9C0F-850DE75957CB}.Release|iPhone.ActiveCfg = Release|Any CPU
		{20BE59FB-6972-4922-9C0F-850DE75957CB}.Release|iPhone.Build.0 = Release|Any CPU
		{20BE59FB-6972-4922-9C0F-850DE75957CB}.Release|iPhone.Deploy.0 = Release|Any CPU
		{20BE59FB-6972-4922-9C0F-850DE75957CB}.Release|iPhoneSimulator.ActiveCfg = Release|Any CPU
		{20BE59FB-6972-4922-9C0F-850DE75957CB}.Release|iPhoneSimulator.Build.0 = Release|Any CPU
		{20BE59FB-6972-4922-9C0F-850DE75957CB}.Release|iPhoneSimulator.Deploy.0 = Release|Any CPU
	EndGlobalSection
	GlobalSection(SolutionProperties) = preSolution
		HideSolutionNode = FALSE
	EndGlobalSection
	GlobalSection(ExtensibilityGlobals) = postSolution
		SolutionGuid = {A8C5F696-1721-4B9B-BD4E-E8DA895D490B}
	EndGlobalSection
EndGlobal
