
Microsoft Visual Studio Solution File, Format Version 12.00
# Visual Studio 15
VisualStudioVersion = 15.0.28307.421
MinimumVisualStudioVersion = 10.0.40219.1
Project("{FAE04EC0-301F-11D3-BF4B-00C04F79EFBC}") = "MorseCodeApp.Android", "MorseCodeApp\MorseCodeApp.Android\MorseCodeApp.Android.csproj", "{7362D960-0047-4DED-964A-1519A7905261}"
EndProject
Project("{FAE04EC0-301F-11D3-BF4B-00C04F79EFBC}") = "MorseCodeApp.iOS", "MorseCodeApp\MorseCodeApp.iOS\MorseCodeApp.iOS.csproj", "{81CA85C1-6B6B-4AAA-8C82-AA79D3014024}"
EndProject
Project("{FAE04EC0-301F-11D3-BF4B-00C04F79EFBC}") = "MorseCodeApp", "MorseCodeApp\MorseCodeApp\MorseCodeApp.csproj", "{80CD3C16-842A-4F0F-B697-2053DDFF0883}"
EndProject
Global
	GlobalSection(SolutionConfigurationPlatforms) = preSolution
		Ad-Hoc|Any CPU = Ad-Hoc|Any CPU
		Ad-Hoc|iPhone = Ad-Hoc|iPhone
		Ad-Hoc|iPhoneSimulator = Ad-Hoc|iPhoneSimulator
		AppStore|Any CPU = AppStore|Any CPU
		AppStore|iPhone = AppStore|iPhone
		AppStore|iPhoneSimulator = AppStore|iPhoneSimulator
		Debug|Any CPU = Debug|Any CPU
		Debug|iPhone = Debug|iPhone
		Debug|iPhoneSimulator = Debug|iPhoneSimulator
		Release|Any CPU = Release|Any CPU
		Release|iPhone = Release|iPhone
		Release|iPhoneSimulator = Release|iPhoneSimulator
	EndGlobalSection
	GlobalSection(ProjectConfigurationPlatforms) = postSolution
		{7362D960-0047-4DED-964A-1519A7905261}.Ad-Hoc|Any CPU.ActiveCfg = Release|Any CPU
		{7362D960-0047-4DED-964A-1519A7905261}.Ad-Hoc|Any CPU.Build.0 = Release|Any CPU
		{7362D960-0047-4DED-964A-1519A7905261}.Ad-Hoc|Any CPU.Deploy.0 = Release|Any CPU
		{7362D960-0047-4DED-964A-1519A7905261}.Ad-Hoc|iPhone.ActiveCfg = Release|Any CPU
		{7362D960-0047-4DED-964A-1519A7905261}.Ad-Hoc|iPhone.Build.0 = Release|Any CPU
		{7362D960-0047-4DED-964A-1519A7905261}.Ad-Hoc|iPhone.Deploy.0 = Release|Any CPU
		{7362D960-0047-4DED-964A-1519A7905261}.Ad-Hoc|iPhoneSimulator.ActiveCfg = Release|Any CPU
		{7362D960-0047-4DED-964A-1519A7905261}.Ad-Hoc|iPhoneSimulator.Build.0 = Release|Any CPU
		{7362D960-0047-4DED-964A-1519A7905261}.Ad-Hoc|iPhoneSimulator.Deploy.0 = Release|Any CPU
		{7362D960-0047-4DED-964A-1519A7905261}.AppStore|Any CPU.ActiveCfg = Release|Any CPU
		{7362D960-0047-4DED-964A-1519A7905261}.AppStore|Any CPU.Build.0 = Release|Any CPU
		{7362D960-0047-4DED-964A-1519A7905261}.AppStore|Any CPU.Deploy.0 = Release|Any CPU
		{7362D960-0047-4DED-964A-1519A7905261}.AppStore|iPhone.ActiveCfg = Release|Any CPU
		{7362D960-0047-4DED-964A-1519A7905261}.AppStore|iPhone.Build.0 = Release|Any CPU
		{7362D960-0047-4DED-964A-1519A7905261}.AppStore|iPhone.Deploy.0 = Release|Any CPU
		{7362D960-0047-4DED-964A-1519A7905261}.AppStore|iPhoneSimulator.ActiveCfg = Release|Any CPU
		{7362D960-0047-4DED-964A-1519A7905261}.AppStore|iPhoneSimulator.Build.0 = Release|Any CPU
		{7362D960-0047-4DED-964A-1519A7905261}.AppStore|iPhoneSimulator.Deploy.0 = Release|Any CPU
		{7362D960-0047-4DED-964A-1519A7905261}.Debug|Any CPU.ActiveCfg = Debug|Any CPU
		{7362D960-0047-4DED-964A-1519A7905261}.Debug|Any CPU.Build.0 = Debug|Any CPU
		{7362D960-0047-4DED-964A-1519A7905261}.Debug|Any CPU.Deploy.0 = Debug|Any CPU
		{7362D960-0047-4DED-964A-1519A7905261}.Debug|iPhone.ActiveCfg = Debug|Any CPU
		{7362D960-0047-4DED-964A-1519A7905261}.Debug|iPhone.Build.0 = Debug|Any CPU
		{7362D960-0047-4DED-964A-1519A7905261}.Debug|iPhone.Deploy.0 = Debug|Any CPU
		{7362D960-0047-4DED-964A-1519A7905261}.Debug|iPhoneSimulator.ActiveCfg = Debug|Any CPU
		{7362D960-0047-4DED-964A-1519A7905261}.Debug|iPhoneSimulator.Build.0 = Debug|Any CPU
		{7362D960-0047-4DED-964A-1519A7905261}.Debug|iPhoneSimulator.Deploy.0 = Debug|Any CPU
		{7362D960-0047-4DED-964A-1519A7905261}.Release|Any CPU.ActiveCfg = Release|Any CPU
		{7362D960-0047-4DED-964A-1519A7905261}.Release|Any CPU.Build.0 = Release|Any CPU
		{7362D960-0047-4DED-964A-1519A7905261}.Release|Any CPU.Deploy.0 = Release|Any CPU
		{7362D960-0047-4DED-964A-1519A7905261}.Release|iPhone.ActiveCfg = Release|Any CPU
		{7362D960-0047-4DED-964A-1519A7905261}.Release|iPhone.Build.0 = Release|Any CPU
		{7362D960-0047-4DED-964A-1519A7905261}.Release|iPhone.Deploy.0 = Release|Any CPU
		{7362D960-0047-4DED-964A-1519A7905261}.Release|iPhoneSimulator.ActiveCfg = Release|Any CPU
		{7362D960-0047-4DED-964A-1519A7905261}.Release|iPhoneSimulator.Build.0 = Release|Any CPU
		{7362D960-0047-4DED-964A-1519A7905261}.Release|iPhoneSimulator.Deploy.0 = Release|Any CPU
		{81CA85C1-6B6B-4AAA-8C82-AA79D3014024}.Ad-Hoc|Any CPU.ActiveCfg = Ad-Hoc|iPhone
		{81CA85C1-6B6B-4AAA-8C82-AA79D3014024}.Ad-Hoc|Any CPU.Build.0 = Ad-Hoc|iPhone
		{81CA85C1-6B6B-4AAA-8C82-AA79D3014024}.Ad-Hoc|Any CPU.Deploy.0 = Ad-Hoc|iPhone
		{81CA85C1-6B6B-4AAA-8C82-AA79D3014024}.Ad-Hoc|iPhone.ActiveCfg = Ad-Hoc|iPhone
		{81CA85C1-6B6B-4AAA-8C82-AA79D3014024}.Ad-Hoc|iPhone.Build.0 = Ad-Hoc|iPhone
		{81CA85C1-6B6B-4AAA-8C82-AA79D3014024}.Ad-Hoc|iPhone.Deploy.0 = Ad-Hoc|iPhone
		{81CA85C1-6B6B-4AAA-8C82-AA79D3014024}.Ad-Hoc|iPhoneSimulator.ActiveCfg = Ad-Hoc|iPhoneSimulator
		{81CA85C1-6B6B-4AAA-8C82-AA79D3014024}.Ad-Hoc|iPhoneSimulator.Build.0 = Ad-Hoc|iPhoneSimulator
		{81CA85C1-6B6B-4AAA-8C82-AA79D3014024}.Ad-Hoc|iPhoneSimulator.Deploy.0 = Ad-Hoc|iPhoneSimulator
		{81CA85C1-6B6B-4AAA-8C82-AA79D3014024}.AppStore|Any CPU.ActiveCfg = AppStore|iPhone
		{81CA85C1-6B6B-4AAA-8C82-AA79D3014024}.AppStore|Any CPU.Build.0 = AppStore|iPhone
		{81CA85C1-6B6B-4AAA-8C82-AA79D3014024}.AppStore|Any CPU.Deploy.0 = AppStore|iPhone
		{81CA85C1-6B6B-4AAA-8C82-AA79D3014024}.AppStore|iPhone.ActiveCfg = AppStore|iPhone
		{81CA85C1-6B6B-4AAA-8C82-AA79D3014024}.AppStore|iPhone.Build.0 = AppStore|iPhone
		{81CA85C1-6B6B-4AAA-8C82-AA79D3014024}.AppStore|iPhone.Deploy.0 = AppStore|iPhone
		{81CA85C1-6B6B-4AAA-8C82-AA79D3014024}.AppStore|iPhoneSimulator.ActiveCfg = AppStore|iPhoneSimulator
		{81CA85C1-6B6B-4AAA-8C82-AA79D3014024}.AppStore|iPhoneSimulator.Build.0 = AppStore|iPhoneSimulator
		{81CA85C1-6B6B-4AAA-8C82-AA79D3014024}.AppStore|iPhoneSimulator.Deploy.0 = AppStore|iPhoneSimulator
		{81CA85C1-6B6B-4AAA-8C82-AA79D3014024}.Debug|Any CPU.ActiveCfg = Debug|iPhoneSimulator
		{81CA85C1-6B6B-4AAA-8C82-AA79D3014024}.Debug|Any CPU.Build.0 = Debug|iPhoneSimulator
		{81CA85C1-6B6B-4AAA-8C82-AA79D3014024}.Debug|Any CPU.Deploy.0 = Debug|iPhoneSimulator
		{81CA85C1-6B6B-4AAA-8C82-AA79D3014024}.Debug|iPhone.ActiveCfg = Debug|iPhone
		{81CA85C1-6B6B-4AAA-8C82-AA79D3014024}.Debug|iPhone.Build.0 = Debug|iPhone
		{81CA85C1-6B6B-4AAA-8C82-AA79D3014024}.Debug|iPhone.Deploy.0 = Debug|iPhone
		{81CA85C1-6B6B-4AAA-8C82-AA79D3014024}.Debug|iPhoneSimulator.ActiveCfg = Debug|iPhoneSimulator
		{81CA85C1-6B6B-4AAA-8C82-AA79D3014024}.Debug|iPhoneSimulator.Build.0 = Debug|iPhoneSimulator
		{81CA85C1-6B6B-4AAA-8C82-AA79D3014024}.Debug|iPhoneSimulator.Deploy.0 = Debug|iPhoneSimulator
		{81CA85C1-6B6B-4AAA-8C82-AA79D3014024}.Release|Any CPU.ActiveCfg = Release|iPhone
		{81CA85C1-6B6B-4AAA-8C82-AA79D3014024}.Release|Any CPU.Build.0 = Release|iPhone
		{81CA85C1-6B6B-4AAA-8C82-AA79D3014024}.Release|Any CPU.Deploy.0 = Release|iPhone
		{81CA85C1-6B6B-4AAA-8C82-AA79D3014024}.Release|iPhone.ActiveCfg = Release|iPhone
		{81CA85C1-6B6B-4AAA-8C82-AA79D3014024}.Release|iPhone.Build.0 = Release|iPhone
		{81CA85C1-6B6B-4AAA-8C82-AA79D3014024}.Release|iPhone.Deploy.0 = Release|iPhone
		{81CA85C1-6B6B-4AAA-8C82-AA79D3014024}.Release|iPhoneSimulator.ActiveCfg = Release|iPhoneSimulator
		{81CA85C1-6B6B-4AAA-8C82-AA79D3014024}.Release|iPhoneSimulator.Build.0 = Release|iPhoneSimulator
		{81CA85C1-6B6B-4AAA-8C82-AA79D3014024}.Release|iPhoneSimulator.Deploy.0 = Release|iPhoneSimulator
		{80CD3C16-842A-4F0F-B697-2053DDFF0883}.Ad-Hoc|Any CPU.ActiveCfg = Debug|Any CPU
		{80CD3C16-842A-4F0F-B697-2053DDFF0883}.Ad-Hoc|Any CPU.Build.0 = Debug|Any CPU
		{80CD3C16-842A-4F0F-B697-2053DDFF0883}.Ad-Hoc|Any CPU.Deploy.0 = Debug|Any CPU
		{80CD3C16-842A-4F0F-B697-2053DDFF0883}.Ad-Hoc|iPhone.ActiveCfg = Debug|Any CPU
		{80CD3C16-842A-4F0F-B697-2053DDFF0883}.Ad-Hoc|iPhone.Build.0 = Debug|Any CPU
		{80CD3C16-842A-4F0F-B697-2053DDFF0883}.Ad-Hoc|iPhone.Deploy.0 = Debug|Any CPU
		{80CD3C16-842A-4F0F-B697-2053DDFF0883}.Ad-Hoc|iPhoneSimulator.ActiveCfg = Debug|Any CPU
		{80CD3C16-842A-4F0F-B697-2053DDFF0883}.Ad-Hoc|iPhoneSimulator.Build.0 = Debug|Any CPU
		{80CD3C16-842A-4F0F-B697-2053DDFF0883}.Ad-Hoc|iPhoneSimulator.Deploy.0 = Debug|Any CPU
		{80CD3C16-842A-4F0F-B697-2053DDFF0883}.AppStore|Any CPU.ActiveCfg = Debug|Any CPU
		{80CD3C16-842A-4F0F-B697-2053DDFF0883}.AppStore|Any CPU.Build.0 = Debug|Any CPU
		{80CD3C16-842A-4F0F-B697-2053DDFF0883}.AppStore|Any CPU.Deploy.0 = Debug|Any CPU
		{80CD3C16-842A-4F0F-B697-2053DDFF0883}.AppStore|iPhone.ActiveCfg = Debug|Any CPU
		{80CD3C16-842A-4F0F-B697-2053DDFF0883}.AppStore|iPhone.Build.0 = Debug|Any CPU
		{80CD3C16-842A-4F0F-B697-2053DDFF0883}.AppStore|iPhone.Deploy.0 = Debug|Any CPU
		{80CD3C16-842A-4F0F-B697-2053DDFF0883}.AppStore|iPhoneSimulator.ActiveCfg = Debug|Any CPU
		{80CD3C16-842A-4F0F-B697-2053DDFF0883}.AppStore|iPhoneSimulator.Build.0 = Debug|Any CPU
		{80CD3C16-842A-4F0F-B697-2053DDFF0883}.AppStore|iPhoneSimulator.Deploy.0 = Debug|Any CPU
		{80CD3C16-842A-4F0F-B697-2053DDFF0883}.Debug|Any CPU.ActiveCfg = Debug|Any CPU
		{80CD3C16-842A-4F0F-B697-2053DDFF0883}.Debug|Any CPU.Build.0 = Debug|Any CPU
		{80CD3C16-842A-4F0F-B697-2053DDFF0883}.Debug|Any CPU.Deploy.0 = Debug|Any CPU
		{80CD3C16-842A-4F0F-B697-2053DDFF0883}.Debug|iPhone.ActiveCfg = Debug|Any CPU
		{80CD3C16-842A-4F0F-B697-2053DDFF0883}.Debug|iPhone.Build.0 = Debug|Any CPU
		{80CD3C16-842A-4F0F-B697-2053DDFF0883}.Debug|iPhone.Deploy.0 = Debug|Any CPU
		{80CD3C16-842A-4F0F-B697-2053DDFF0883}.Debug|iPhoneSimulator.ActiveCfg = Debug|Any CPU
		{80CD3C16-842A-4F0F-B697-2053DDFF0883}.Debug|iPhoneSimulator.Build.0 = Debug|Any CPU
		{80CD3C16-842A-4F0F-B697-2053DDFF0883}.Debug|iPhoneSimulator.Deploy.0 = Debug|Any CPU
		{80CD3C16-842A-4F0F-B697-2053DDFF0883}.Release|Any CPU.ActiveCfg = Release|Any CPU
		{80CD3C16-842A-4F0F-B697-2053DDFF0883}.Release|Any CPU.Build.0 = Release|Any CPU
		{80CD3C16-842A-4F0F-B697-2053DDFF0883}.Release|Any CPU.Deploy.0 = Release|Any CPU
		{80CD3C16-842A-4F0F-B697-2053DDFF0883}.Release|iPhone.ActiveCfg = Release|Any CPU
		{80CD3C16-842A-4F0F-B697-2053DDFF0883}.Release|iPhone.Build.0 = Release|Any CPU
		{80CD3C16-842A-4F0F-B697-2053DDFF0883}.Release|iPhone.Deploy.0 = Release|Any CPU
		{80CD3C16-842A-4F0F-B697-2053DDFF0883}.Release|iPhoneSimulator.ActiveCfg = Release|Any CPU
		{80CD3C16-842A-4F0F-B697-2053DDFF0883}.Release|iPhoneSimulator.Build.0 = Release|Any CPU
		{80CD3C16-842A-4F0F-B697-2053DDFF0883}.Release|iPhoneSimulator.Deploy.0 = Release|Any CPU
	EndGlobalSection
	GlobalSection(SolutionProperties) = preSolution
		HideSolutionNode = FALSE
	EndGlobalSection
	GlobalSection(ExtensibilityGlobals) = postSolution
		SolutionGuid = {E678F3AA-57FD-449A-8795-06768905AE88}
	EndGlobalSection
EndGlobal
