
Microsoft Visual Studio Solution File, Format Version 12.00
# Visual Studio 15
VisualStudioVersion = 15.0.28307.421
MinimumVisualStudioVersion = 10.0.40219.1
Project("{FAE04EC0-301F-11D3-BF4B-00C04F79EFBC}") = "secondmobile.Android", "secondmobile\secondmobile.Android\secondmobile.Android.csproj", "{6D35F018-AC3B-48B5-ADDF-C56F99508575}"
EndProject
Project("{FAE04EC0-301F-11D3-BF4B-00C04F79EFBC}") = "secondmobile.iOS", "secondmobile\secondmobile.iOS\secondmobile.iOS.csproj", "{C1C54FD3-BE9B-4A62-A0A5-0773E38007C8}"
EndProject
Project("{FAE04EC0-301F-11D3-BF4B-00C04F79EFBC}") = "secondmobile", "secondmobile\secondmobile\secondmobile.csproj", "{B82A13EE-0DFC-465D-84CC-D3698432211F}"
EndProject
Global
	GlobalSection(SolutionConfigurationPlatforms) = preSolution
		Ad-Hoc|Any CPU = Ad-Hoc|Any CPU
		Ad-Hoc|iPhone = Ad-Hoc|iPhone
		Ad-Hoc|iPhoneSimulator = Ad-Hoc|iPhoneSimulator
		AppStore|Any CPU = AppStore|Any CPU
		AppStore|iPhone = AppStore|iPhone
		AppStore|iPhoneSimulator = AppStore|iPhoneSimulator
		Debug|Any CPU = Debug|Any CPU
		Debug|iPhone = Debug|iPhone
		Debug|iPhoneSimulator = Debug|iPhoneSimulator
		Release|Any CPU = Release|Any CPU
		Release|iPhone = Release|iPhone
		Release|iPhoneSimulator = Release|iPhoneSimulator
	EndGlobalSection
	GlobalSection(ProjectConfigurationPlatforms) = postSolution
		{6D35F018-AC3B-48B5-ADDF-C56F99508575}.Ad-Hoc|Any CPU.ActiveCfg = Release|Any CPU
		{6D35F018-AC3B-48B5-ADDF-C56F99508575}.Ad-Hoc|Any CPU.Build.0 = Release|Any CPU
		{6D35F018-AC3B-48B5-ADDF-C56F99508575}.Ad-Hoc|Any CPU.Deploy.0 = Release|Any CPU
		{6D35F018-AC3B-48B5-ADDF-C56F99508575}.Ad-Hoc|iPhone.ActiveCfg = Release|Any CPU
		{6D35F018-AC3B-48B5-ADDF-C56F99508575}.Ad-Hoc|iPhone.Build.0 = Release|Any CPU
		{6D35F018-AC3B-48B5-ADDF-C56F99508575}.Ad-Hoc|iPhone.Deploy.0 = Release|Any CPU
		{6D35F018-AC3B-48B5-ADDF-C56F99508575}.Ad-Hoc|iPhoneSimulator.ActiveCfg = Release|Any CPU
		{6D35F018-AC3B-48B5-ADDF-C56F99508575}.Ad-Hoc|iPhoneSimulator.Build.0 = Release|Any CPU
		{6D35F018-AC3B-48B5-ADDF-C56F99508575}.Ad-Hoc|iPhoneSimulator.Deploy.0 = Release|Any CPU
		{6D35F018-AC3B-48B5-ADDF-C56F99508575}.AppStore|Any CPU.ActiveCfg = Release|Any CPU
		{6D35F018-AC3B-48B5-ADDF-C56F99508575}.AppStore|Any CPU.Build.0 = Release|Any CPU
		{6D35F018-AC3B-48B5-ADDF-C56F99508575}.AppStore|Any CPU.Deploy.0 = Release|Any CPU
		{6D35F018-AC3B-48B5-ADDF-C56F99508575}.AppStore|iPhone.ActiveCfg = Release|Any CPU
		{6D35F018-AC3B-48B5-ADDF-C56F99508575}.AppStore|iPhone.Build.0 = Release|Any CPU
		{6D35F018-AC3B-48B5-ADDF-C56F99508575}.AppStore|iPhone.Deploy.0 = Release|Any CPU
		{6D35F018-AC3B-48B5-ADDF-C56F99508575}.AppStore|iPhoneSimulator.ActiveCfg = Release|Any CPU
		{6D35F018-AC3B-48B5-ADDF-C56F99508575}.AppStore|iPhoneSimulator.Build.0 = Release|Any CPU
		{6D35F018-AC3B-48B5-ADDF-C56F99508575}.AppStore|iPhoneSimulator.Deploy.0 = Release|Any CPU
		{6D35F018-AC3B-48B5-ADDF-C56F99508575}.Debug|Any CPU.ActiveCfg = Debug|Any CPU
		{6D35F018-AC3B-48B5-ADDF-C56F99508575}.Debug|Any CPU.Build.0 = Debug|Any CPU
		{6D35F018-AC3B-48B5-ADDF-C56F99508575}.Debug|Any CPU.Deploy.0 = Debug|Any CPU
		{6D35F018-AC3B-48B5-ADDF-C56F99508575}.Debug|iPhone.ActiveCfg = Debug|Any CPU
		{6D35F018-AC3B-48B5-ADDF-C56F99508575}.Debug|iPhone.Build.0 = Debug|Any CPU
		{6D35F018-AC3B-48B5-ADDF-C56F99508575}.Debug|iPhone.Deploy.0 = Debug|Any CPU
		{6D35F018-AC3B-48B5-ADDF-C56F99508575}.Debug|iPhoneSimulator.ActiveCfg = Debug|Any CPU
		{6D35F018-AC3B-48B5-ADDF-C56F99508575}.Debug|iPhoneSimulator.Build.0 = Debug|Any CPU
		{6D35F018-AC3B-48B5-ADDF-C56F99508575}.Debug|iPhoneSimulator.Deploy.0 = Debug|Any CPU
		{6D35F018-AC3B-48B5-ADDF-C56F99508575}.Release|Any CPU.ActiveCfg = Release|Any CPU
		{6D35F018-AC3B-48B5-ADDF-C56F99508575}.Release|Any CPU.Build.0 = Release|Any CPU
		{6D35F018-AC3B-48B5-ADDF-C56F99508575}.Release|Any CPU.Deploy.0 = Release|Any CPU
		{6D35F018-AC3B-48B5-ADDF-C56F99508575}.Release|iPhone.ActiveCfg = Release|Any CPU
		{6D35F018-AC3B-48B5-ADDF-C56F99508575}.Release|iPhone.Build.0 = Release|Any CPU
		{6D35F018-AC3B-48B5-ADDF-C56F99508575}.Release|iPhone.Deploy.0 = Release|Any CPU
		{6D35F018-AC3B-48B5-ADDF-C56F99508575}.Release|iPhoneSimulator.ActiveCfg = Release|Any CPU
		{6D35F018-AC3B-48B5-ADDF-C56F99508575}.Release|iPhoneSimulator.Build.0 = Release|Any CPU
		{6D35F018-AC3B-48B5-ADDF-C56F99508575}.Release|iPhoneSimulator.Deploy.0 = Release|Any CPU
		{C1C54FD3-BE9B-4A62-A0A5-0773E38007C8}.Ad-Hoc|Any CPU.ActiveCfg = Ad-Hoc|iPhone
		{C1C54FD3-BE9B-4A62-A0A5-0773E38007C8}.Ad-Hoc|Any CPU.Build.0 = Ad-Hoc|iPhone
		{C1C54FD3-BE9B-4A62-A0A5-0773E38007C8}.Ad-Hoc|Any CPU.Deploy.0 = Ad-Hoc|iPhone
		{C1C54FD3-BE9B-4A62-A0A5-0773E38007C8}.Ad-Hoc|iPhone.ActiveCfg = Ad-Hoc|iPhone
		{C1C54FD3-BE9B-4A62-A0A5-0773E38007C8}.Ad-Hoc|iPhone.Build.0 = Ad-Hoc|iPhone
		{C1C54FD3-BE9B-4A62-A0A5-0773E38007C8}.Ad-Hoc|iPhone.Deploy.0 = Ad-Hoc|iPhone
		{C1C54FD3-BE9B-4A62-A0A5-0773E38007C8}.Ad-Hoc|iPhoneSimulator.ActiveCfg = Ad-Hoc|iPhoneSimulator
		{C1C54FD3-BE9B-4A62-A0A5-0773E38007C8}.Ad-Hoc|iPhoneSimulator.Build.0 = Ad-Hoc|iPhoneSimulator
		{C1C54FD3-BE9B-4A62-A0A5-0773E38007C8}.Ad-Hoc|iPhoneSimulator.Deploy.0 = Ad-Hoc|iPhoneSimulator
		{C1C54FD3-BE9B-4A62-A0A5-0773E38007C8}.AppStore|Any CPU.ActiveCfg = AppStore|iPhone
		{C1C54FD3-BE9B-4A62-A0A5-0773E38007C8}.AppStore|Any CPU.Build.0 = AppStore|iPhone
		{C1C54FD3-BE9B-4A62-A0A5-0773E38007C8}.AppStore|Any CPU.Deploy.0 = AppStore|iPhone
		{C1C54FD3-BE9B-4A62-A0A5-0773E38007C8}.AppStore|iPhone.ActiveCfg = AppStore|iPhone
		{C1C54FD3-BE9B-4A62-A0A5-0773E38007C8}.AppStore|iPhone.Build.0 = AppStore|iPhone
		{C1C54FD3-BE9B-4A62-A0A5-0773E38007C8}.AppStore|iPhone.Deploy.0 = AppStore|iPhone
		{C1C54FD3-BE9B-4A62-A0A5-0773E38007C8}.AppStore|iPhoneSimulator.ActiveCfg = AppStore|iPhoneSimulator
		{C1C54FD3-BE9B-4A62-A0A5-0773E38007C8}.AppStore|iPhoneSimulator.Build.0 = AppStore|iPhoneSimulator
		{C1C54FD3-BE9B-4A62-A0A5-0773E38007C8}.AppStore|iPhoneSimulator.Deploy.0 = AppStore|iPhoneSimulator
		{C1C54FD3-BE9B-4A62-A0A5-0773E38007C8}.Debug|Any CPU.ActiveCfg = Debug|iPhoneSimulator
		{C1C54FD3-BE9B-4A62-A0A5-0773E38007C8}.Debug|Any CPU.Build.0 = Debug|iPhoneSimulator
		{C1C54FD3-BE9B-4A62-A0A5-0773E38007C8}.Debug|Any CPU.Deploy.0 = Debug|iPhoneSimulator
		{C1C54FD3-BE9B-4A62-A0A5-0773E38007C8}.Debug|iPhone.ActiveCfg = Debug|iPhone
		{C1C54FD3-BE9B-4A62-A0A5-0773E38007C8}.Debug|iPhone.Build.0 = Debug|iPhone
		{C1C54FD3-BE9B-4A62-A0A5-0773E38007C8}.Debug|iPhone.Deploy.0 = Debug|iPhone
		{C1C54FD3-BE9B-4A62-A0A5-0773E38007C8}.Debug|iPhoneSimulator.ActiveCfg = Debug|iPhoneSimulator
		{C1C54FD3-BE9B-4A62-A0A5-0773E38007C8}.Debug|iPhoneSimulator.Build.0 = Debug|iPhoneSimulator
		{C1C54FD3-BE9B-4A62-A0A5-0773E38007C8}.Debug|iPhoneSimulator.Deploy.0 = Debug|iPhoneSimulator
		{C1C54FD3-BE9B-4A62-A0A5-0773E38007C8}.Release|Any CPU.ActiveCfg = Release|iPhone
		{C1C54FD3-BE9B-4A62-A0A5-0773E38007C8}.Release|Any CPU.Build.0 = Release|iPhone
		{C1C54FD3-BE9B-4A62-A0A5-0773E38007C8}.Release|Any CPU.Deploy.0 = Release|iPhone
		{C1C54FD3-BE9B-4A62-A0A5-0773E38007C8}.Release|iPhone.ActiveCfg = Release|iPhone
		{C1C54FD3-BE9B-4A62-A0A5-0773E38007C8}.Release|iPhone.Build.0 = Release|iPhone
		{C1C54FD3-BE9B-4A62-A0A5-0773E38007C8}.Release|iPhone.Deploy.0 = Release|iPhone
		{C1C54FD3-BE9B-4A62-A0A5-0773E38007C8}.Release|iPhoneSimulator.ActiveCfg = Release|iPhoneSimulator
		{C1C54FD3-BE9B-4A62-A0A5-0773E38007C8}.Release|iPhoneSimulator.Build.0 = Release|iPhoneSimulator
		{C1C54FD3-BE9B-4A62-A0A5-0773E38007C8}.Release|iPhoneSimulator.Deploy.0 = Release|iPhoneSimulator
		{B82A13EE-0DFC-465D-84CC-D3698432211F}.Ad-Hoc|Any CPU.ActiveCfg = Debug|Any CPU
		{B82A13EE-0DFC-465D-84CC-D3698432211F}.Ad-Hoc|Any CPU.Build.0 = Debug|Any CPU
		{B82A13EE-0DFC-465D-84CC-D3698432211F}.Ad-Hoc|Any CPU.Deploy.0 = Debug|Any CPU
		{B82A13EE-0DFC-465D-84CC-D3698432211F}.Ad-Hoc|iPhone.ActiveCfg = Debug|Any CPU
		{B82A13EE-0DFC-465D-84CC-D3698432211F}.Ad-Hoc|iPhone.Build.0 = Debug|Any CPU
		{B82A13EE-0DFC-465D-84CC-D3698432211F}.Ad-Hoc|iPhone.Deploy.0 = Debug|Any CPU
		{B82A13EE-0DFC-465D-84CC-D3698432211F}.Ad-Hoc|iPhoneSimulator.ActiveCfg = Debug|Any CPU
		{B82A13EE-0DFC-465D-84CC-D3698432211F}.Ad-Hoc|iPhoneSimulator.Build.0 = Debug|Any CPU
		{B82A13EE-0DFC-465D-84CC-D3698432211F}.Ad-Hoc|iPhoneSimulator.Deploy.0 = Debug|Any CPU
		{B82A13EE-0DFC-465D-84CC-D3698432211F}.AppStore|Any CPU.ActiveCfg = Debug|Any CPU
		{B82A13EE-0DFC-465D-84CC-D3698432211F}.AppStore|Any CPU.Build.0 = Debug|Any CPU
		{B82A13EE-0DFC-465D-84CC-D3698432211F}.AppStore|Any CPU.Deploy.0 = Debug|Any CPU
		{B82A13EE-0DFC-465D-84CC-D3698432211F}.AppStore|iPhone.ActiveCfg = Debug|Any CPU
		{B82A13EE-0DFC-465D-84CC-D3698432211F}.AppStore|iPhone.Build.0 = Debug|Any CPU
		{B82A13EE-0DFC-465D-84CC-D3698432211F}.AppStore|iPhone.Deploy.0 = Debug|Any CPU
		{B82A13EE-0DFC-465D-84CC-D3698432211F}.AppStore|iPhoneSimulator.ActiveCfg = Debug|Any CPU
		{B82A13EE-0DFC-465D-84CC-D3698432211F}.AppStore|iPhoneSimulator.Build.0 = Debug|Any CPU
		{B82A13EE-0DFC-465D-84CC-D3698432211F}.AppStore|iPhoneSimulator.Deploy.0 = Debug|Any CPU
		{B82A13EE-0DFC-465D-84CC-D3698432211F}.Debug|Any CPU.ActiveCfg = Debug|Any CPU
		{B82A13EE-0DFC-465D-84CC-D3698432211F}.Debug|Any CPU.Build.0 = Debug|Any CPU
		{B82A13EE-0DFC-465D-84CC-D3698432211F}.Debug|Any CPU.Deploy.0 = Debug|Any CPU
		{B82A13EE-0DFC-465D-84CC-D3698432211F}.Debug|iPhone.ActiveCfg = Debug|Any CPU
		{B82A13EE-0DFC-465D-84CC-D3698432211F}.Debug|iPhone.Build.0 = Debug|Any CPU
		{B82A13EE-0DFC-465D-84CC-D3698432211F}.Debug|iPhone.Deploy.0 = Debug|Any CPU
		{B82A13EE-0DFC-465D-84CC-D3698432211F}.Debug|iPhoneSimulator.ActiveCfg = Debug|Any CPU
		{B82A13EE-0DFC-465D-84CC-D3698432211F}.Debug|iPhoneSimulator.Build.0 = Debug|Any CPU
		{B82A13EE-0DFC-465D-84CC-D3698432211F}.Debug|iPhoneSimulator.Deploy.0 = Debug|Any CPU
		{B82A13EE-0DFC-465D-84CC-D3698432211F}.Release|Any CPU.ActiveCfg = Release|Any CPU
		{B82A13EE-0DFC-465D-84CC-D3698432211F}.Release|Any CPU.Build.0 = Release|Any CPU
		{B82A13EE-0DFC-465D-84CC-D3698432211F}.Release|Any CPU.Deploy.0 = Release|Any CPU
		{B82A13EE-0DFC-465D-84CC-D3698432211F}.Release|iPhone.ActiveCfg = Release|Any CPU
		{B82A13EE-0DFC-465D-84CC-D3698432211F}.Release|iPhone.Build.0 = Release|Any CPU
		{B82A13EE-0DFC-465D-84CC-D3698432211F}.Release|iPhone.Deploy.0 = Release|Any CPU
		{B82A13EE-0DFC-465D-84CC-D3698432211F}.Release|iPhoneSimulator.ActiveCfg = Release|Any CPU
		{B82A13EE-0DFC-465D-84CC-D3698432211F}.Release|iPhoneSimulator.Build.0 = Release|Any CPU
		{B82A13EE-0DFC-465D-84CC-D3698432211F}.Release|iPhoneSimulator.Deploy.0 = Release|Any CPU
	EndGlobalSection
	GlobalSection(SolutionProperties) = preSolution
		HideSolutionNode = FALSE
	EndGlobalSection
	GlobalSection(ExtensibilityGlobals) = postSolution
		SolutionGuid = {9F3D37CC-47E9-4183-9DBA-0231B7AA036C}
	EndGlobalSection
EndGlobal
