
Microsoft Visual Studio Solution File, Format Version 12.00
# Visual Studio 15
VisualStudioVersion = 15.0.28307.271
MinimumVisualStudioVersion = 10.0.40219.1
Project("{FAE04EC0-301F-11D3-BF4B-00C04F79EFBC}") = "ConsoleApp13", "ConsoleApp13\ConsoleApp13.csproj", "{9FAFB56F-48F8-41AF-9763-1C201940A289}"
EndProject
Global
	GlobalSection(SolutionConfigurationPlatforms) = preSolution
		Debug|Any CPU = Debug|Any CPU
		Release|Any CPU = Release|Any CPU
	EndGlobalSection
	GlobalSection(ProjectConfigurationPlatforms) = postSolution
		{9FAFB56F-48F8-41AF-9763-1C201940A289}.Debug|Any CPU.ActiveCfg = Debug|Any CPU
		{9FAFB56F-48F8-41AF-9763-1C201940A289}.Debug|Any CPU.Build.0 = Debug|Any CPU
		{9FAFB56F-48F8-41AF-9763-1C201940A289}.Release|Any CPU.ActiveCfg = Release|Any CPU
		{9FAFB56F-48F8-41AF-9763-1C201940A289}.Release|Any CPU.Build.0 = Release|Any CPU
	EndGlobalSection
	GlobalSection(SolutionProperties) = preSolution
		HideSolutionNode = FALSE
	EndGlobalSection
	GlobalSection(ExtensibilityGlobals) = postSolution
		SolutionGuid = {6F688CA3-01C9-4BBE-82D2-F9F4724D7DBC}
	EndGlobalSection
EndGlobal
