
Microsoft Visual Studio Solution File, Format Version 12.00
# Visual Studio 15
VisualStudioVersion = 15.0.28307.421
MinimumVisualStudioVersion = 10.0.40219.1
Project("{FAE04EC0-301F-11D3-BF4B-00C04F79EFBC}") = "Notes.Android", "Notes\Notes.Android\Notes.Android.csproj", "{93558B40-0B22-452E-B8F6-FE4FFC8F1B25}"
EndProject
Project("{FAE04EC0-301F-11D3-BF4B-00C04F79EFBC}") = "Notes.iOS", "Notes\Notes.iOS\Notes.iOS.csproj", "{3A560DBE-F111-46BF-B5B7-86CA19FA0F3A}"
EndProject
Project("{FAE04EC0-301F-11D3-BF4B-00C04F79EFBC}") = "Notes", "Notes\Notes\Notes.csproj", "{57008EEA-A2A9-484D-BA6B-AAC35352A31F}"
EndProject
Global
	GlobalSection(SolutionConfigurationPlatforms) = preSolution
		Ad-Hoc|Any CPU = Ad-Hoc|Any CPU
		Ad-Hoc|iPhone = Ad-Hoc|iPhone
		Ad-Hoc|iPhoneSimulator = Ad-Hoc|iPhoneSimulator
		AppStore|Any CPU = AppStore|Any CPU
		AppStore|iPhone = AppStore|iPhone
		AppStore|iPhoneSimulator = AppStore|iPhoneSimulator
		Debug|Any CPU = Debug|Any CPU
		Debug|iPhone = Debug|iPhone
		Debug|iPhoneSimulator = Debug|iPhoneSimulator
		Release|Any CPU = Release|Any CPU
		Release|iPhone = Release|iPhone
		Release|iPhoneSimulator = Release|iPhoneSimulator
	EndGlobalSection
	GlobalSection(ProjectConfigurationPlatforms) = postSolution
		{93558B40-0B22-452E-B8F6-FE4FFC8F1B25}.Ad-Hoc|Any CPU.ActiveCfg = Release|Any CPU
		{93558B40-0B22-452E-B8F6-FE4FFC8F1B25}.Ad-Hoc|Any CPU.Build.0 = Release|Any CPU
		{93558B40-0B22-452E-B8F6-FE4FFC8F1B25}.Ad-Hoc|Any CPU.Deploy.0 = Release|Any CPU
		{93558B40-0B22-452E-B8F6-FE4FFC8F1B25}.Ad-Hoc|iPhone.ActiveCfg = Release|Any CPU
		{93558B40-0B22-452E-B8F6-FE4FFC8F1B25}.Ad-Hoc|iPhone.Build.0 = Release|Any CPU
		{93558B40-0B22-452E-B8F6-FE4FFC8F1B25}.Ad-Hoc|iPhone.Deploy.0 = Release|Any CPU
		{93558B40-0B22-452E-B8F6-FE4FFC8F1B25}.Ad-Hoc|iPhoneSimulator.ActiveCfg = Release|Any CPU
		{93558B40-0B22-452E-B8F6-FE4FFC8F1B25}.Ad-Hoc|iPhoneSimulator.Build.0 = Release|Any CPU
		{93558B40-0B22-452E-B8F6-FE4FFC8F1B25}.Ad-Hoc|iPhoneSimulator.Deploy.0 = Release|Any CPU
		{93558B40-0B22-452E-B8F6-FE4FFC8F1B25}.AppStore|Any CPU.ActiveCfg = Release|Any CPU
		{93558B40-0B22-452E-B8F6-FE4FFC8F1B25}.AppStore|Any CPU.Build.0 = Release|Any CPU
		{93558B40-0B22-452E-B8F6-FE4FFC8F1B25}.AppStore|Any CPU.Deploy.0 = Release|Any CPU
		{93558B40-0B22-452E-B8F6-FE4FFC8F1B25}.AppStore|iPhone.ActiveCfg = Release|Any CPU
		{93558B40-0B22-452E-B8F6-FE4FFC8F1B25}.AppStore|iPhone.Build.0 = Release|Any CPU
		{93558B40-0B22-452E-B8F6-FE4FFC8F1B25}.AppStore|iPhone.Deploy.0 = Release|Any CPU
		{93558B40-0B22-452E-B8F6-FE4FFC8F1B25}.AppStore|iPhoneSimulator.ActiveCfg = Release|Any CPU
		{93558B40-0B22-452E-B8F6-FE4FFC8F1B25}.AppStore|iPhoneSimulator.Build.0 = Release|Any CPU
		{93558B40-0B22-452E-B8F6-FE4FFC8F1B25}.AppStore|iPhoneSimulator.Deploy.0 = Release|Any CPU
		{93558B40-0B22-452E-B8F6-FE4FFC8F1B25}.Debug|Any CPU.ActiveCfg = Debug|Any CPU
		{93558B40-0B22-452E-B8F6-FE4FFC8F1B25}.Debug|Any CPU.Build.0 = Debug|Any CPU
		{93558B40-0B22-452E-B8F6-FE4FFC8F1B25}.Debug|Any CPU.Deploy.0 = Debug|Any CPU
		{93558B40-0B22-452E-B8F6-FE4FFC8F1B25}.Debug|iPhone.ActiveCfg = Debug|Any CPU
		{93558B40-0B22-452E-B8F6-FE4FFC8F1B25}.Debug|iPhone.Build.0 = Debug|Any CPU
		{93558B40-0B22-452E-B8F6-FE4FFC8F1B25}.Debug|iPhone.Deploy.0 = Debug|Any CPU
		{93558B40-0B22-452E-B8F6-FE4FFC8F1B25}.Debug|iPhoneSimulator.ActiveCfg = Debug|Any CPU
		{93558B40-0B22-452E-B8F6-FE4FFC8F1B25}.Debug|iPhoneSimulator.Build.0 = Debug|Any CPU
		{93558B40-0B22-452E-B8F6-FE4FFC8F1B25}.Debug|iPhoneSimulator.Deploy.0 = Debug|Any CPU
		{93558B40-0B22-452E-B8F6-FE4FFC8F1B25}.Release|Any CPU.ActiveCfg = Release|Any CPU
		{93558B40-0B22-452E-B8F6-FE4FFC8F1B25}.Release|Any CPU.Build.0 = Release|Any CPU
		{93558B40-0B22-452E-B8F6-FE4FFC8F1B25}.Release|Any CPU.Deploy.0 = Release|Any CPU
		{93558B40-0B22-452E-B8F6-FE4FFC8F1B25}.Release|iPhone.ActiveCfg = Release|Any CPU
		{93558B40-0B22-452E-B8F6-FE4FFC8F1B25}.Release|iPhone.Build.0 = Release|Any CPU
		{93558B40-0B22-452E-B8F6-FE4FFC8F1B25}.Release|iPhone.Deploy.0 = Release|Any CPU
		{93558B40-0B22-452E-B8F6-FE4FFC8F1B25}.Release|iPhoneSimulator.ActiveCfg = Release|Any CPU
		{93558B40-0B22-452E-B8F6-FE4FFC8F1B25}.Release|iPhoneSimulator.Build.0 = Release|Any CPU
		{93558B40-0B22-452E-B8F6-FE4FFC8F1B25}.Release|iPhoneSimulator.Deploy.0 = Release|Any CPU
		{3A560DBE-F111-46BF-B5B7-86CA19FA0F3A}.Ad-Hoc|Any CPU.ActiveCfg = Ad-Hoc|iPhone
		{3A560DBE-F111-46BF-B5B7-86CA19FA0F3A}.Ad-Hoc|Any CPU.Build.0 = Ad-Hoc|iPhone
		{3A560DBE-F111-46BF-B5B7-86CA19FA0F3A}.Ad-Hoc|Any CPU.Deploy.0 = Ad-Hoc|iPhone
		{3A560DBE-F111-46BF-B5B7-86CA19FA0F3A}.Ad-Hoc|iPhone.ActiveCfg = Ad-Hoc|iPhone
		{3A560DBE-F111-46BF-B5B7-86CA19FA0F3A}.Ad-Hoc|iPhone.Build.0 = Ad-Hoc|iPhone
		{3A560DBE-F111-46BF-B5B7-86CA19FA0F3A}.Ad-Hoc|iPhone.Deploy.0 = Ad-Hoc|iPhone
		{3A560DBE-F111-46BF-B5B7-86CA19FA0F3A}.Ad-Hoc|iPhoneSimulator.ActiveCfg = Ad-Hoc|iPhoneSimulator
		{3A560DBE-F111-46BF-B5B7-86CA19FA0F3A}.Ad-Hoc|iPhoneSimulator.Build.0 = Ad-Hoc|iPhoneSimulator
		{3A560DBE-F111-46BF-B5B7-86CA19FA0F3A}.Ad-Hoc|iPhoneSimulator.Deploy.0 = Ad-Hoc|iPhoneSimulator
		{3A560DBE-F111-46BF-B5B7-86CA19FA0F3A}.AppStore|Any CPU.ActiveCfg = AppStore|iPhone
		{3A560DBE-F111-46BF-B5B7-86CA19FA0F3A}.AppStore|Any CPU.Build.0 = AppStore|iPhone
		{3A560DBE-F111-46BF-B5B7-86CA19FA0F3A}.AppStore|Any CPU.Deploy.0 = AppStore|iPhone
		{3A560DBE-F111-46BF-B5B7-86CA19FA0F3A}.AppStore|iPhone.ActiveCfg = AppStore|iPhone
		{3A560DBE-F111-46BF-B5B7-86CA19FA0F3A}.AppStore|iPhone.Build.0 = AppStore|iPhone
		{3A560DBE-F111-46BF-B5B7-86CA19FA0F3A}.AppStore|iPhone.Deploy.0 = AppStore|iPhone
		{3A560DBE-F111-46BF-B5B7-86CA19FA0F3A}.AppStore|iPhoneSimulator.ActiveCfg = AppStore|iPhoneSimulator
		{3A560DBE-F111-46BF-B5B7-86CA19FA0F3A}.AppStore|iPhoneSimulator.Build.0 = AppStore|iPhoneSimulator
		{3A560DBE-F111-46BF-B5B7-86CA19FA0F3A}.AppStore|iPhoneSimulator.Deploy.0 = AppStore|iPhoneSimulator
		{3A560DBE-F111-46BF-B5B7-86CA19FA0F3A}.Debug|Any CPU.ActiveCfg = Debug|iPhoneSimulator
		{3A560DBE-F111-46BF-B5B7-86CA19FA0F3A}.Debug|Any CPU.Build.0 = Debug|iPhoneSimulator
		{3A560DBE-F111-46BF-B5B7-86CA19FA0F3A}.Debug|Any CPU.Deploy.0 = Debug|iPhoneSimulator
		{3A560DBE-F111-46BF-B5B7-86CA19FA0F3A}.Debug|iPhone.ActiveCfg = Debug|iPhone
		{3A560DBE-F111-46BF-B5B7-86CA19FA0F3A}.Debug|iPhone.Build.0 = Debug|iPhone
		{3A560DBE-F111-46BF-B5B7-86CA19FA0F3A}.Debug|iPhone.Deploy.0 = Debug|iPhone
		{3A560DBE-F111-46BF-B5B7-86CA19FA0F3A}.Debug|iPhoneSimulator.ActiveCfg = Debug|iPhoneSimulator
		{3A560DBE-F111-46BF-B5B7-86CA19FA0F3A}.Debug|iPhoneSimulator.Build.0 = Debug|iPhoneSimulator
		{3A560DBE-F111-46BF-B5B7-86CA19FA0F3A}.Debug|iPhoneSimulator.Deploy.0 = Debug|iPhoneSimulator
		{3A560DBE-F111-46BF-B5B7-86CA19FA0F3A}.Release|Any CPU.ActiveCfg = Release|iPhone
		{3A560DBE-F111-46BF-B5B7-86CA19FA0F3A}.Release|Any CPU.Build.0 = Release|iPhone
		{3A560DBE-F111-46BF-B5B7-86CA19FA0F3A}.Release|Any CPU.Deploy.0 = Release|iPhone
		{3A560DBE-F111-46BF-B5B7-86CA19FA0F3A}.Release|iPhone.ActiveCfg = Release|iPhone
		{3A560DBE-F111-46BF-B5B7-86CA19FA0F3A}.Release|iPhone.Build.0 = Release|iPhone
		{3A560DBE-F111-46BF-B5B7-86CA19FA0F3A}.Release|iPhone.Deploy.0 = Release|iPhone
		{3A560DBE-F111-46BF-B5B7-86CA19FA0F3A}.Release|iPhoneSimulator.ActiveCfg = Release|iPhoneSimulator
		{3A560DBE-F111-46BF-B5B7-86CA19FA0F3A}.Release|iPhoneSimulator.Build.0 = Release|iPhoneSimulator
		{3A560DBE-F111-46BF-B5B7-86CA19FA0F3A}.Release|iPhoneSimulator.Deploy.0 = Release|iPhoneSimulator
		{57008EEA-A2A9-484D-BA6B-AAC35352A31F}.Ad-Hoc|Any CPU.ActiveCfg = Debug|Any CPU
		{57008EEA-A2A9-484D-BA6B-AAC35352A31F}.Ad-Hoc|Any CPU.Build.0 = Debug|Any CPU
		{57008EEA-A2A9-484D-BA6B-AAC35352A31F}.Ad-Hoc|Any CPU.Deploy.0 = Debug|Any CPU
		{57008EEA-A2A9-484D-BA6B-AAC35352A31F}.Ad-Hoc|iPhone.ActiveCfg = Debug|Any CPU
		{57008EEA-A2A9-484D-BA6B-AAC35352A31F}.Ad-Hoc|iPhone.Build.0 = Debug|Any CPU
		{57008EEA-A2A9-484D-BA6B-AAC35352A31F}.Ad-Hoc|iPhone.Deploy.0 = Debug|Any CPU
		{57008EEA-A2A9-484D-BA6B-AAC35352A31F}.Ad-Hoc|iPhoneSimulator.ActiveCfg = Debug|Any CPU
		{57008EEA-A2A9-484D-BA6B-AAC35352A31F}.Ad-Hoc|iPhoneSimulator.Build.0 = Debug|Any CPU
		{57008EEA-A2A9-484D-BA6B-AAC35352A31F}.Ad-Hoc|iPhoneSimulator.Deploy.0 = Debug|Any CPU
		{57008EEA-A2A9-484D-BA6B-AAC35352A31F}.AppStore|Any CPU.ActiveCfg = Debug|Any CPU
		{57008EEA-A2A9-484D-BA6B-AAC35352A31F}.AppStore|Any CPU.Build.0 = Debug|Any CPU
		{57008EEA-A2A9-484D-BA6B-AAC35352A31F}.AppStore|Any CPU.Deploy.0 = Debug|Any CPU
		{57008EEA-A2A9-484D-BA6B-AAC35352A31F}.AppStore|iPhone.ActiveCfg = Debug|Any CPU
		{57008EEA-A2A9-484D-BA6B-AAC35352A31F}.AppStore|iPhone.Build.0 = Debug|Any CPU
		{57008EEA-A2A9-484D-BA6B-AAC35352A31F}.AppStore|iPhone.Deploy.0 = Debug|Any CPU
		{57008EEA-A2A9-484D-BA6B-AAC35352A31F}.AppStore|iPhoneSimulator.ActiveCfg = Debug|Any CPU
		{57008EEA-A2A9-484D-BA6B-AAC35352A31F}.AppStore|iPhoneSimulator.Build.0 = Debug|Any CPU
		{57008EEA-A2A9-484D-BA6B-AAC35352A31F}.AppStore|iPhoneSimulator.Deploy.0 = Debug|Any CPU
		{57008EEA-A2A9-484D-BA6B-AAC35352A31F}.Debug|Any CPU.ActiveCfg = Debug|Any CPU
		{57008EEA-A2A9-484D-BA6B-AAC35352A31F}.Debug|Any CPU.Build.0 = Debug|Any CPU
		{57008EEA-A2A9-484D-BA6B-AAC35352A31F}.Debug|Any CPU.Deploy.0 = Debug|Any CPU
		{57008EEA-A2A9-484D-BA6B-AAC35352A31F}.Debug|iPhone.ActiveCfg = Debug|Any CPU
		{57008EEA-A2A9-484D-BA6B-AAC35352A31F}.Debug|iPhone.Build.0 = Debug|Any CPU
		{57008EEA-A2A9-484D-BA6B-AAC35352A31F}.Debug|iPhone.Deploy.0 = Debug|Any CPU
		{57008EEA-A2A9-484D-BA6B-AAC35352A31F}.Debug|iPhoneSimulator.ActiveCfg = Debug|Any CPU
		{57008EEA-A2A9-484D-BA6B-AAC35352A31F}.Debug|iPhoneSimulator.Build.0 = Debug|Any CPU
		{57008EEA-A2A9-484D-BA6B-AAC35352A31F}.Debug|iPhoneSimulator.Deploy.0 = Debug|Any CPU
		{57008EEA-A2A9-484D-BA6B-AAC35352A31F}.Release|Any CPU.ActiveCfg = Release|Any CPU
		{57008EEA-A2A9-484D-BA6B-AAC35352A31F}.Release|Any CPU.Build.0 = Release|Any CPU
		{57008EEA-A2A9-484D-BA6B-AAC35352A31F}.Release|Any CPU.Deploy.0 = Release|Any CPU
		{57008EEA-A2A9-484D-BA6B-AAC35352A31F}.Release|iPhone.ActiveCfg = Release|Any CPU
		{57008EEA-A2A9-484D-BA6B-AAC35352A31F}.Release|iPhone.Build.0 = Release|Any CPU
		{57008EEA-A2A9-484D-BA6B-AAC35352A31F}.Release|iPhone.Deploy.0 = Release|Any CPU
		{57008EEA-A2A9-484D-BA6B-AAC35352A31F}.Release|iPhoneSimulator.ActiveCfg = Release|Any CPU
		{57008EEA-A2A9-484D-BA6B-AAC35352A31F}.Release|iPhoneSimulator.Build.0 = Release|Any CPU
		{57008EEA-A2A9-484D-BA6B-AAC35352A31F}.Release|iPhoneSimulator.Deploy.0 = Release|Any CPU
	EndGlobalSection
	GlobalSection(SolutionProperties) = preSolution
		HideSolutionNode = FALSE
	EndGlobalSection
	GlobalSection(ExtensibilityGlobals) = postSolution
		SolutionGuid = {3348235D-5FD1-4BAA-9ED5-A2083FF67F14}
	EndGlobalSection
EndGlobal
