
Microsoft Visual Studio Solution File, Format Version 12.00
# Visual Studio 15
VisualStudioVersion = 15.0.28307.421
MinimumVisualStudioVersion = 10.0.40219.1
Project("{FAE04EC0-301F-11D3-BF4B-00C04F79EFBC}") = "FinalProject.Android", "FinalProject\FinalProject.Android\FinalProject.Android.csproj", "{E5C8CCD5-0BC8-4C9B-81BB-0404176A9C2D}"
EndProject
Project("{FAE04EC0-301F-11D3-BF4B-00C04F79EFBC}") = "FinalProject.iOS", "FinalProject\FinalProject.iOS\FinalProject.iOS.csproj", "{105A9CF7-04E7-49E9-892D-353098B02AB4}"
EndProject
Project("{FAE04EC0-301F-11D3-BF4B-00C04F79EFBC}") = "FinalProject", "FinalProject\FinalProject\FinalProject.csproj", "{F97BEBFF-A01D-4E41-9A9B-0550119097DD}"
EndProject
Global
	GlobalSection(SolutionConfigurationPlatforms) = preSolution
		Ad-Hoc|Any CPU = Ad-Hoc|Any CPU
		Ad-Hoc|iPhone = Ad-Hoc|iPhone
		Ad-Hoc|iPhoneSimulator = Ad-Hoc|iPhoneSimulator
		AppStore|Any CPU = AppStore|Any CPU
		AppStore|iPhone = AppStore|iPhone
		AppStore|iPhoneSimulator = AppStore|iPhoneSimulator
		Debug|Any CPU = Debug|Any CPU
		Debug|iPhone = Debug|iPhone
		Debug|iPhoneSimulator = Debug|iPhoneSimulator
		Release|Any CPU = Release|Any CPU
		Release|iPhone = Release|iPhone
		Release|iPhoneSimulator = Release|iPhoneSimulator
	EndGlobalSection
	GlobalSection(ProjectConfigurationPlatforms) = postSolution
		{E5C8CCD5-0BC8-4C9B-81BB-0404176A9C2D}.Ad-Hoc|Any CPU.ActiveCfg = Release|Any CPU
		{E5C8CCD5-0BC8-4C9B-81BB-0404176A9C2D}.Ad-Hoc|Any CPU.Build.0 = Release|Any CPU
		{E5C8CCD5-0BC8-4C9B-81BB-0404176A9C2D}.Ad-Hoc|Any CPU.Deploy.0 = Release|Any CPU
		{E5C8CCD5-0BC8-4C9B-81BB-0404176A9C2D}.Ad-Hoc|iPhone.ActiveCfg = Release|Any CPU
		{E5C8CCD5-0BC8-4C9B-81BB-0404176A9C2D}.Ad-Hoc|iPhone.Build.0 = Release|Any CPU
		{E5C8CCD5-0BC8-4C9B-81BB-0404176A9C2D}.Ad-Hoc|iPhone.Deploy.0 = Release|Any CPU
		{E5C8CCD5-0BC8-4C9B-81BB-0404176A9C2D}.Ad-Hoc|iPhoneSimulator.ActiveCfg = Release|Any CPU
		{E5C8CCD5-0BC8-4C9B-81BB-0404176A9C2D}.Ad-Hoc|iPhoneSimulator.Build.0 = Release|Any CPU
		{E5C8CCD5-0BC8-4C9B-81BB-0404176A9C2D}.Ad-Hoc|iPhoneSimulator.Deploy.0 = Release|Any CPU
		{E5C8CCD5-0BC8-4C9B-81BB-0404176A9C2D}.AppStore|Any CPU.ActiveCfg = Release|Any CPU
		{E5C8CCD5-0BC8-4C9B-81BB-0404176A9C2D}.AppStore|Any CPU.Build.0 = Release|Any CPU
		{E5C8CCD5-0BC8-4C9B-81BB-0404176A9C2D}.AppStore|Any CPU.Deploy.0 = Release|Any CPU
		{E5C8CCD5-0BC8-4C9B-81BB-0404176A9C2D}.AppStore|iPhone.ActiveCfg = Release|Any CPU
		{E5C8CCD5-0BC8-4C9B-81BB-0404176A9C2D}.AppStore|iPhone.Build.0 = Release|Any CPU
		{E5C8CCD5-0BC8-4C9B-81BB-0404176A9C2D}.AppStore|iPhone.Deploy.0 = Release|Any CPU
		{E5C8CCD5-0BC8-4C9B-81BB-0404176A9C2D}.AppStore|iPhoneSimulator.ActiveCfg = Release|Any CPU
		{E5C8CCD5-0BC8-4C9B-81BB-0404176A9C2D}.AppStore|iPhoneSimulator.Build.0 = Release|Any CPU
		{E5C8CCD5-0BC8-4C9B-81BB-0404176A9C2D}.AppStore|iPhoneSimulator.Deploy.0 = Release|Any CPU
		{E5C8CCD5-0BC8-4C9B-81BB-0404176A9C2D}.Debug|Any CPU.ActiveCfg = Debug|Any CPU
		{E5C8CCD5-0BC8-4C9B-81BB-0404176A9C2D}.Debug|Any CPU.Build.0 = Debug|Any CPU
		{E5C8CCD5-0BC8-4C9B-81BB-0404176A9C2D}.Debug|Any CPU.Deploy.0 = Debug|Any CPU
		{E5C8CCD5-0BC8-4C9B-81BB-0404176A9C2D}.Debug|iPhone.ActiveCfg = Debug|Any CPU
		{E5C8CCD5-0BC8-4C9B-81BB-0404176A9C2D}.Debug|iPhone.Build.0 = Debug|Any CPU
		{E5C8CCD5-0BC8-4C9B-81BB-0404176A9C2D}.Debug|iPhone.Deploy.0 = Debug|Any CPU
		{E5C8CCD5-0BC8-4C9B-81BB-0404176A9C2D}.Debug|iPhoneSimulator.ActiveCfg = Debug|Any CPU
		{E5C8CCD5-0BC8-4C9B-81BB-0404176A9C2D}.Debug|iPhoneSimulator.Build.0 = Debug|Any CPU
		{E5C8CCD5-0BC8-4C9B-81BB-0404176A9C2D}.Debug|iPhoneSimulator.Deploy.0 = Debug|Any CPU
		{E5C8CCD5-0BC8-4C9B-81BB-0404176A9C2D}.Release|Any CPU.ActiveCfg = Release|Any CPU
		{E5C8CCD5-0BC8-4C9B-81BB-0404176A9C2D}.Release|Any CPU.Build.0 = Release|Any CPU
		{E5C8CCD5-0BC8-4C9B-81BB-0404176A9C2D}.Release|Any CPU.Deploy.0 = Release|Any CPU
		{E5C8CCD5-0BC8-4C9B-81BB-0404176A9C2D}.Release|iPhone.ActiveCfg = Release|Any CPU
		{E5C8CCD5-0BC8-4C9B-81BB-0404176A9C2D}.Release|iPhone.Build.0 = Release|Any CPU
		{E5C8CCD5-0BC8-4C9B-81BB-0404176A9C2D}.Release|iPhone.Deploy.0 = Release|Any CPU
		{E5C8CCD5-0BC8-4C9B-81BB-0404176A9C2D}.Release|iPhoneSimulator.ActiveCfg = Release|Any CPU
		{E5C8CCD5-0BC8-4C9B-81BB-0404176A9C2D}.Release|iPhoneSimulator.Build.0 = Release|Any CPU
		{E5C8CCD5-0BC8-4C9B-81BB-0404176A9C2D}.Release|iPhoneSimulator.Deploy.0 = Release|Any CPU
		{105A9CF7-04E7-49E9-892D-353098B02AB4}.Ad-Hoc|Any CPU.ActiveCfg = Ad-Hoc|iPhone
		{105A9CF7-04E7-49E9-892D-353098B02AB4}.Ad-Hoc|Any CPU.Build.0 = Ad-Hoc|iPhone
		{105A9CF7-04E7-49E9-892D-353098B02AB4}.Ad-Hoc|Any CPU.Deploy.0 = Ad-Hoc|iPhone
		{105A9CF7-04E7-49E9-892D-353098B02AB4}.Ad-Hoc|iPhone.ActiveCfg = Ad-Hoc|iPhone
		{105A9CF7-04E7-49E9-892D-353098B02AB4}.Ad-Hoc|iPhone.Build.0 = Ad-Hoc|iPhone
		{105A9CF7-04E7-49E9-892D-353098B02AB4}.Ad-Hoc|iPhone.Deploy.0 = Ad-Hoc|iPhone
		{105A9CF7-04E7-49E9-892D-353098B02AB4}.Ad-Hoc|iPhoneSimulator.ActiveCfg = Ad-Hoc|iPhoneSimulator
		{105A9CF7-04E7-49E9-892D-353098B02AB4}.Ad-Hoc|iPhoneSimulator.Build.0 = Ad-Hoc|iPhoneSimulator
		{105A9CF7-04E7-49E9-892D-353098B02AB4}.Ad-Hoc|iPhoneSimulator.Deploy.0 = Ad-Hoc|iPhoneSimulator
		{105A9CF7-04E7-49E9-892D-353098B02AB4}.AppStore|Any CPU.ActiveCfg = AppStore|iPhone
		{105A9CF7-04E7-49E9-892D-353098B02AB4}.AppStore|Any CPU.Build.0 = AppStore|iPhone
		{105A9CF7-04E7-49E9-892D-353098B02AB4}.AppStore|Any CPU.Deploy.0 = AppStore|iPhone
		{105A9CF7-04E7-49E9-892D-353098B02AB4}.AppStore|iPhone.ActiveCfg = AppStore|iPhone
		{105A9CF7-04E7-49E9-892D-353098B02AB4}.AppStore|iPhone.Build.0 = AppStore|iPhone
		{105A9CF7-04E7-49E9-892D-353098B02AB4}.AppStore|iPhone.Deploy.0 = AppStore|iPhone
		{105A9CF7-04E7-49E9-892D-353098B02AB4}.AppStore|iPhoneSimulator.ActiveCfg = AppStore|iPhoneSimulator
		{105A9CF7-04E7-49E9-892D-353098B02AB4}.AppStore|iPhoneSimulator.Build.0 = AppStore|iPhoneSimulator
		{105A9CF7-04E7-49E9-892D-353098B02AB4}.AppStore|iPhoneSimulator.Deploy.0 = AppStore|iPhoneSimulator
		{105A9CF7-04E7-49E9-892D-353098B02AB4}.Debug|Any CPU.ActiveCfg = Debug|iPhoneSimulator
		{105A9CF7-04E7-49E9-892D-353098B02AB4}.Debug|Any CPU.Build.0 = Debug|iPhoneSimulator
		{105A9CF7-04E7-49E9-892D-353098B02AB4}.Debug|Any CPU.Deploy.0 = Debug|iPhoneSimulator
		{105A9CF7-04E7-49E9-892D-353098B02AB4}.Debug|iPhone.ActiveCfg = Debug|iPhone
		{105A9CF7-04E7-49E9-892D-353098B02AB4}.Debug|iPhone.Build.0 = Debug|iPhone
		{105A9CF7-04E7-49E9-892D-353098B02AB4}.Debug|iPhone.Deploy.0 = Debug|iPhone
		{105A9CF7-04E7-49E9-892D-353098B02AB4}.Debug|iPhoneSimulator.ActiveCfg = Debug|iPhoneSimulator
		{105A9CF7-04E7-49E9-892D-353098B02AB4}.Debug|iPhoneSimulator.Build.0 = Debug|iPhoneSimulator
		{105A9CF7-04E7-49E9-892D-353098B02AB4}.Debug|iPhoneSimulator.Deploy.0 = Debug|iPhoneSimulator
		{105A9CF7-04E7-49E9-892D-353098B02AB4}.Release|Any CPU.ActiveCfg = Release|iPhone
		{105A9CF7-04E7-49E9-892D-353098B02AB4}.Release|Any CPU.Build.0 = Release|iPhone
		{105A9CF7-04E7-49E9-892D-353098B02AB4}.Release|Any CPU.Deploy.0 = Release|iPhone
		{105A9CF7-04E7-49E9-892D-353098B02AB4}.Release|iPhone.ActiveCfg = Release|iPhone
		{105A9CF7-04E7-49E9-892D-353098B02AB4}.Release|iPhone.Build.0 = Release|iPhone
		{105A9CF7-04E7-49E9-892D-353098B02AB4}.Release|iPhone.Deploy.0 = Release|iPhone
		{105A9CF7-04E7-49E9-892D-353098B02AB4}.Release|iPhoneSimulator.ActiveCfg = Release|iPhoneSimulator
		{105A9CF7-04E7-49E9-892D-353098B02AB4}.Release|iPhoneSimulator.Build.0 = Release|iPhoneSimulator
		{105A9CF7-04E7-49E9-892D-353098B02AB4}.Release|iPhoneSimulator.Deploy.0 = Release|iPhoneSimulator
		{F97BEBFF-A01D-4E41-9A9B-0550119097DD}.Ad-Hoc|Any CPU.ActiveCfg = Debug|Any CPU
		{F97BEBFF-A01D-4E41-9A9B-0550119097DD}.Ad-Hoc|Any CPU.Build.0 = Debug|Any CPU
		{F97BEBFF-A01D-4E41-9A9B-0550119097DD}.Ad-Hoc|Any CPU.Deploy.0 = Debug|Any CPU
		{F97BEBFF-A01D-4E41-9A9B-0550119097DD}.Ad-Hoc|iPhone.ActiveCfg = Debug|Any CPU
		{F97BEBFF-A01D-4E41-9A9B-0550119097DD}.Ad-Hoc|iPhone.Build.0 = Debug|Any CPU
		{F97BEBFF-A01D-4E41-9A9B-0550119097DD}.Ad-Hoc|iPhone.Deploy.0 = Debug|Any CPU
		{F97BEBFF-A01D-4E41-9A9B-0550119097DD}.Ad-Hoc|iPhoneSimulator.ActiveCfg = Debug|Any CPU
		{F97BEBFF-A01D-4E41-9A9B-0550119097DD}.Ad-Hoc|iPhoneSimulator.Build.0 = Debug|Any CPU
		{F97BEBFF-A01D-4E41-9A9B-0550119097DD}.Ad-Hoc|iPhoneSimulator.Deploy.0 = Debug|Any CPU
		{F97BEBFF-A01D-4E41-9A9B-0550119097DD}.AppStore|Any CPU.ActiveCfg = Debug|Any CPU
		{F97BEBFF-A01D-4E41-9A9B-0550119097DD}.AppStore|Any CPU.Build.0 = Debug|Any CPU
		{F97BEBFF-A01D-4E41-9A9B-0550119097DD}.AppStore|Any CPU.Deploy.0 = Debug|Any CPU
		{F97BEBFF-A01D-4E41-9A9B-0550119097DD}.AppStore|iPhone.ActiveCfg = Debug|Any CPU
		{F97BEBFF-A01D-4E41-9A9B-0550119097DD}.AppStore|iPhone.Build.0 = Debug|Any CPU
		{F97BEBFF-A01D-4E41-9A9B-0550119097DD}.AppStore|iPhone.Deploy.0 = Debug|Any CPU
		{F97BEBFF-A01D-4E41-9A9B-0550119097DD}.AppStore|iPhoneSimulator.ActiveCfg = Debug|Any CPU
		{F97BEBFF-A01D-4E41-9A9B-0550119097DD}.AppStore|iPhoneSimulator.Build.0 = Debug|Any CPU
		{F97BEBFF-A01D-4E41-9A9B-0550119097DD}.AppStore|iPhoneSimulator.Deploy.0 = Debug|Any CPU
		{F97BEBFF-A01D-4E41-9A9B-0550119097DD}.Debug|Any CPU.ActiveCfg = Debug|Any CPU
		{F97BEBFF-A01D-4E41-9A9B-0550119097DD}.Debug|Any CPU.Build.0 = Debug|Any CPU
		{F97BEBFF-A01D-4E41-9A9B-0550119097DD}.Debug|Any CPU.Deploy.0 = Debug|Any CPU
		{F97BEBFF-A01D-4E41-9A9B-0550119097DD}.Debug|iPhone.ActiveCfg = Debug|Any CPU
		{F97BEBFF-A01D-4E41-9A9B-0550119097DD}.Debug|iPhone.Build.0 = Debug|Any CPU
		{F97BEBFF-A01D-4E41-9A9B-0550119097DD}.Debug|iPhone.Deploy.0 = Debug|Any CPU
		{F97BEBFF-A01D-4E41-9A9B-0550119097DD}.Debug|iPhoneSimulator.ActiveCfg = Debug|Any CPU
		{F97BEBFF-A01D-4E41-9A9B-0550119097DD}.Debug|iPhoneSimulator.Build.0 = Debug|Any CPU
		{F97BEBFF-A01D-4E41-9A9B-0550119097DD}.Debug|iPhoneSimulator.Deploy.0 = Debug|Any CPU
		{F97BEBFF-A01D-4E41-9A9B-0550119097DD}.Release|Any CPU.ActiveCfg = Release|Any CPU
		{F97BEBFF-A01D-4E41-9A9B-0550119097DD}.Release|Any CPU.Build.0 = Release|Any CPU
		{F97BEBFF-A01D-4E41-9A9B-0550119097DD}.Release|Any CPU.Deploy.0 = Release|Any CPU
		{F97BEBFF-A01D-4E41-9A9B-0550119097DD}.Release|iPhone.ActiveCfg = Release|Any CPU
		{F97BEBFF-A01D-4E41-9A9B-0550119097DD}.Release|iPhone.Build.0 = Release|Any CPU
		{F97BEBFF-A01D-4E41-9A9B-0550119097DD}.Release|iPhone.Deploy.0 = Release|Any CPU
		{F97BEBFF-A01D-4E41-9A9B-0550119097DD}.Release|iPhoneSimulator.ActiveCfg = Release|Any CPU
		{F97BEBFF-A01D-4E41-9A9B-0550119097DD}.Release|iPhoneSimulator.Build.0 = Release|Any CPU
		{F97BEBFF-A01D-4E41-9A9B-0550119097DD}.Release|iPhoneSimulator.Deploy.0 = Release|Any CPU
	EndGlobalSection
	GlobalSection(SolutionProperties) = preSolution
		HideSolutionNode = FALSE
	EndGlobalSection
	GlobalSection(ExtensibilityGlobals) = postSolution
		SolutionGuid = {554A63FB-4B8D-4244-A623-0F3FB26E570C}
	EndGlobalSection
EndGlobal
