
Microsoft Visual Studio Solution File, Format Version 12.00
# Visual Studio 15
VisualStudioVersion = 15.0.28307.421
MinimumVisualStudioVersion = 10.0.40219.1
Project("{FAE04EC0-301F-11D3-BF4B-00C04F79EFBC}") = "webdevcoreemptyproject", "webdevcoreemptyproject\webdevcoreemptyproject.csproj", "{36BD27F9-4412-4246-B40F-394525DE63FD}"
EndProject
Global
	GlobalSection(SolutionConfigurationPlatforms) = preSolution
		Debug|Any CPU = Debug|Any CPU
		Release|Any CPU = Release|Any CPU
	EndGlobalSection
	GlobalSection(ProjectConfigurationPlatforms) = postSolution
		{36BD27F9-4412-4246-B40F-394525DE63FD}.Debug|Any CPU.ActiveCfg = Debug|Any CPU
		{36BD27F9-4412-4246-B40F-394525DE63FD}.Debug|Any CPU.Build.0 = Debug|Any CPU
		{36BD27F9-4412-4246-B40F-394525DE63FD}.Release|Any CPU.ActiveCfg = Release|Any CPU
		{36BD27F9-4412-4246-B40F-394525DE63FD}.Release|Any CPU.Build.0 = Release|Any CPU
	EndGlobalSection
	GlobalSection(SolutionProperties) = preSolution
		HideSolutionNode = FALSE
	EndGlobalSection
	GlobalSection(ExtensibilityGlobals) = postSolution
		SolutionGuid = {7875E373-2195-428D-B49A-9CDBF1DB25F8}
	EndGlobalSection
EndGlobal
