
Microsoft Visual Studio Solution File, Format Version 12.00
# Visual Studio 15
VisualStudioVersion = 15.0.28010.2003
MinimumVisualStudioVersion = 10.0.40219.1
Project("{FAE04EC0-301F-11D3-BF4B-00C04F79EFBC}") = "DB-Blog-JRA", "DB-Blog-JRA\DB-Blog-JRA.csproj", "{EEA5887E-690C-4EE7-ACBA-28C68CAB3C36}"
EndProject
Global
	GlobalSection(SolutionConfigurationPlatforms) = preSolution
		Debug|Any CPU = Debug|Any CPU
		Release|Any CPU = Release|Any CPU
	EndGlobalSection
	GlobalSection(ProjectConfigurationPlatforms) = postSolution
		{EEA5887E-690C-4EE7-ACBA-28C68CAB3C36}.Debug|Any CPU.ActiveCfg = Debug|Any CPU
		{EEA5887E-690C-4EE7-ACBA-28C68CAB3C36}.Debug|Any CPU.Build.0 = Debug|Any CPU
		{EEA5887E-690C-4EE7-ACBA-28C68CAB3C36}.Release|Any CPU.ActiveCfg = Release|Any CPU
		{EEA5887E-690C-4EE7-ACBA-28C68CAB3C36}.Release|Any CPU.Build.0 = Release|Any CPU
	EndGlobalSection
	GlobalSection(SolutionProperties) = preSolution
		HideSolutionNode = FALSE
	EndGlobalSection
	GlobalSection(ExtensibilityGlobals) = postSolution
		SolutionGuid = {359DFE67-0F91-4C99-94F2-FF7193A594A1}
	EndGlobalSection
EndGlobal
