
Microsoft Visual Studio Solution File, Format Version 12.00
# Visual Studio 15
VisualStudioVersion = 15.0.28307.421
MinimumVisualStudioVersion = 10.0.40219.1
Project("{FAE04EC0-301F-11D3-BF4B-00C04F79EFBC}") = "App3.Android", "App3\App3.Android\App3.Android.csproj", "{575613F4-4A51-4FD4-865B-A027C85084C6}"
EndProject
Project("{FAE04EC0-301F-11D3-BF4B-00C04F79EFBC}") = "App3.iOS", "App3\App3.iOS\App3.iOS.csproj", "{FF118AAB-3F89-48CF-94CB-6C52AFA61758}"
EndProject
Project("{FAE04EC0-301F-11D3-BF4B-00C04F79EFBC}") = "App3", "App3\App3\App3.csproj", "{52DF06F5-5BBB-4F7E-950A-E98C62E7A643}"
EndProject
Global
	GlobalSection(SolutionConfigurationPlatforms) = preSolution
		Ad-Hoc|Any CPU = Ad-Hoc|Any CPU
		Ad-Hoc|iPhone = Ad-Hoc|iPhone
		Ad-Hoc|iPhoneSimulator = Ad-Hoc|iPhoneSimulator
		AppStore|Any CPU = AppStore|Any CPU
		AppStore|iPhone = AppStore|iPhone
		AppStore|iPhoneSimulator = AppStore|iPhoneSimulator
		Debug|Any CPU = Debug|Any CPU
		Debug|iPhone = Debug|iPhone
		Debug|iPhoneSimulator = Debug|iPhoneSimulator
		Release|Any CPU = Release|Any CPU
		Release|iPhone = Release|iPhone
		Release|iPhoneSimulator = Release|iPhoneSimulator
	EndGlobalSection
	GlobalSection(ProjectConfigurationPlatforms) = postSolution
		{575613F4-4A51-4FD4-865B-A027C85084C6}.Ad-Hoc|Any CPU.ActiveCfg = Release|Any CPU
		{575613F4-4A51-4FD4-865B-A027C85084C6}.Ad-Hoc|Any CPU.Build.0 = Release|Any CPU
		{575613F4-4A51-4FD4-865B-A027C85084C6}.Ad-Hoc|Any CPU.Deploy.0 = Release|Any CPU
		{575613F4-4A51-4FD4-865B-A027C85084C6}.Ad-Hoc|iPhone.ActiveCfg = Release|Any CPU
		{575613F4-4A51-4FD4-865B-A027C85084C6}.Ad-Hoc|iPhone.Build.0 = Release|Any CPU
		{575613F4-4A51-4FD4-865B-A027C85084C6}.Ad-Hoc|iPhone.Deploy.0 = Release|Any CPU
		{575613F4-4A51-4FD4-865B-A027C85084C6}.Ad-Hoc|iPhoneSimulator.ActiveCfg = Release|Any CPU
		{575613F4-4A51-4FD4-865B-A027C85084C6}.Ad-Hoc|iPhoneSimulator.Build.0 = Release|Any CPU
		{575613F4-4A51-4FD4-865B-A027C85084C6}.Ad-Hoc|iPhoneSimulator.Deploy.0 = Release|Any CPU
		{575613F4-4A51-4FD4-865B-A027C85084C6}.AppStore|Any CPU.ActiveCfg = Release|Any CPU
		{575613F4-4A51-4FD4-865B-A027C85084C6}.AppStore|Any CPU.Build.0 = Release|Any CPU
		{575613F4-4A51-4FD4-865B-A027C85084C6}.AppStore|Any CPU.Deploy.0 = Release|Any CPU
		{575613F4-4A51-4FD4-865B-A027C85084C6}.AppStore|iPhone.ActiveCfg = Release|Any CPU
		{575613F4-4A51-4FD4-865B-A027C85084C6}.AppStore|iPhone.Build.0 = Release|Any CPU
		{575613F4-4A51-4FD4-865B-A027C85084C6}.AppStore|iPhone.Deploy.0 = Release|Any CPU
		{575613F4-4A51-4FD4-865B-A027C85084C6}.AppStore|iPhoneSimulator.ActiveCfg = Release|Any CPU
		{575613F4-4A51-4FD4-865B-A027C85084C6}.AppStore|iPhoneSimulator.Build.0 = Release|Any CPU
		{575613F4-4A51-4FD4-865B-A027C85084C6}.AppStore|iPhoneSimulator.Deploy.0 = Release|Any CPU
		{575613F4-4A51-4FD4-865B-A027C85084C6}.Debug|Any CPU.ActiveCfg = Debug|Any CPU
		{575613F4-4A51-4FD4-865B-A027C85084C6}.Debug|Any CPU.Build.0 = Debug|Any CPU
		{575613F4-4A51-4FD4-865B-A027C85084C6}.Debug|Any CPU.Deploy.0 = Debug|Any CPU
		{575613F4-4A51-4FD4-865B-A027C85084C6}.Debug|iPhone.ActiveCfg = Debug|Any CPU
		{575613F4-4A51-4FD4-865B-A027C85084C6}.Debug|iPhone.Build.0 = Debug|Any CPU
		{575613F4-4A51-4FD4-865B-A027C85084C6}.Debug|iPhone.Deploy.0 = Debug|Any CPU
		{575613F4-4A51-4FD4-865B-A027C85084C6}.Debug|iPhoneSimulator.ActiveCfg = Debug|Any CPU
		{575613F4-4A51-4FD4-865B-A027C85084C6}.Debug|iPhoneSimulator.Build.0 = Debug|Any CPU
		{575613F4-4A51-4FD4-865B-A027C85084C6}.Debug|iPhoneSimulator.Deploy.0 = Debug|Any CPU
		{575613F4-4A51-4FD4-865B-A027C85084C6}.Release|Any CPU.ActiveCfg = Release|Any CPU
		{575613F4-4A51-4FD4-865B-A027C85084C6}.Release|Any CPU.Build.0 = Release|Any CPU
		{575613F4-4A51-4FD4-865B-A027C85084C6}.Release|Any CPU.Deploy.0 = Release|Any CPU
		{575613F4-4A51-4FD4-865B-A027C85084C6}.Release|iPhone.ActiveCfg = Release|Any CPU
		{575613F4-4A51-4FD4-865B-A027C85084C6}.Release|iPhone.Build.0 = Release|Any CPU
		{575613F4-4A51-4FD4-865B-A027C85084C6}.Release|iPhone.Deploy.0 = Release|Any CPU
		{575613F4-4A51-4FD4-865B-A027C85084C6}.Release|iPhoneSimulator.ActiveCfg = Release|Any CPU
		{575613F4-4A51-4FD4-865B-A027C85084C6}.Release|iPhoneSimulator.Build.0 = Release|Any CPU
		{575613F4-4A51-4FD4-865B-A027C85084C6}.Release|iPhoneSimulator.Deploy.0 = Release|Any CPU
		{FF118AAB-3F89-48CF-94CB-6C52AFA61758}.Ad-Hoc|Any CPU.ActiveCfg = Ad-Hoc|iPhone
		{FF118AAB-3F89-48CF-94CB-6C52AFA61758}.Ad-Hoc|Any CPU.Build.0 = Ad-Hoc|iPhone
		{FF118AAB-3F89-48CF-94CB-6C52AFA61758}.Ad-Hoc|Any CPU.Deploy.0 = Ad-Hoc|iPhone
		{FF118AAB-3F89-48CF-94CB-6C52AFA61758}.Ad-Hoc|iPhone.ActiveCfg = Ad-Hoc|iPhone
		{FF118AAB-3F89-48CF-94CB-6C52AFA61758}.Ad-Hoc|iPhone.Build.0 = Ad-Hoc|iPhone
		{FF118AAB-3F89-48CF-94CB-6C52AFA61758}.Ad-Hoc|iPhone.Deploy.0 = Ad-Hoc|iPhone
		{FF118AAB-3F89-48CF-94CB-6C52AFA61758}.Ad-Hoc|iPhoneSimulator.ActiveCfg = Ad-Hoc|iPhoneSimulator
		{FF118AAB-3F89-48CF-94CB-6C52AFA61758}.Ad-Hoc|iPhoneSimulator.Build.0 = Ad-Hoc|iPhoneSimulator
		{FF118AAB-3F89-48CF-94CB-6C52AFA61758}.Ad-Hoc|iPhoneSimulator.Deploy.0 = Ad-Hoc|iPhoneSimulator
		{FF118AAB-3F89-48CF-94CB-6C52AFA61758}.AppStore|Any CPU.ActiveCfg = AppStore|iPhone
		{FF118AAB-3F89-48CF-94CB-6C52AFA61758}.AppStore|Any CPU.Build.0 = AppStore|iPhone
		{FF118AAB-3F89-48CF-94CB-6C52AFA61758}.AppStore|Any CPU.Deploy.0 = AppStore|iPhone
		{FF118AAB-3F89-48CF-94CB-6C52AFA61758}.AppStore|iPhone.ActiveCfg = AppStore|iPhone
		{FF118AAB-3F89-48CF-94CB-6C52AFA61758}.AppStore|iPhone.Build.0 = AppStore|iPhone
		{FF118AAB-3F89-48CF-94CB-6C52AFA61758}.AppStore|iPhone.Deploy.0 = AppStore|iPhone
		{FF118AAB-3F89-48CF-94CB-6C52AFA61758}.AppStore|iPhoneSimulator.ActiveCfg = AppStore|iPhoneSimulator
		{FF118AAB-3F89-48CF-94CB-6C52AFA61758}.AppStore|iPhoneSimulator.Build.0 = AppStore|iPhoneSimulator
		{FF118AAB-3F89-48CF-94CB-6C52AFA61758}.AppStore|iPhoneSimulator.Deploy.0 = AppStore|iPhoneSimulator
		{FF118AAB-3F89-48CF-94CB-6C52AFA61758}.Debug|Any CPU.ActiveCfg = Debug|iPhoneSimulator
		{FF118AAB-3F89-48CF-94CB-6C52AFA61758}.Debug|Any CPU.Build.0 = Debug|iPhoneSimulator
		{FF118AAB-3F89-48CF-94CB-6C52AFA61758}.Debug|Any CPU.Deploy.0 = Debug|iPhoneSimulator
		{FF118AAB-3F89-48CF-94CB-6C52AFA61758}.Debug|iPhone.ActiveCfg = Debug|iPhone
		{FF118AAB-3F89-48CF-94CB-6C52AFA61758}.Debug|iPhone.Build.0 = Debug|iPhone
		{FF118AAB-3F89-48CF-94CB-6C52AFA61758}.Debug|iPhone.Deploy.0 = Debug|iPhone
		{FF118AAB-3F89-48CF-94CB-6C52AFA61758}.Debug|iPhoneSimulator.ActiveCfg = Debug|iPhoneSimulator
		{FF118AAB-3F89-48CF-94CB-6C52AFA61758}.Debug|iPhoneSimulator.Build.0 = Debug|iPhoneSimulator
		{FF118AAB-3F89-48CF-94CB-6C52AFA61758}.Debug|iPhoneSimulator.Deploy.0 = Debug|iPhoneSimulator
		{FF118AAB-3F89-48CF-94CB-6C52AFA61758}.Release|Any CPU.ActiveCfg = Release|iPhone
		{FF118AAB-3F89-48CF-94CB-6C52AFA61758}.Release|Any CPU.Build.0 = Release|iPhone
		{FF118AAB-3F89-48CF-94CB-6C52AFA61758}.Release|Any CPU.Deploy.0 = Release|iPhone
		{FF118AAB-3F89-48CF-94CB-6C52AFA61758}.Release|iPhone.ActiveCfg = Release|iPhone
		{FF118AAB-3F89-48CF-94CB-6C52AFA61758}.Release|iPhone.Build.0 = Release|iPhone
		{FF118AAB-3F89-48CF-94CB-6C52AFA61758}.Release|iPhone.Deploy.0 = Release|iPhone
		{FF118AAB-3F89-48CF-94CB-6C52AFA61758}.Release|iPhoneSimulator.ActiveCfg = Release|iPhoneSimulator
		{FF118AAB-3F89-48CF-94CB-6C52AFA61758}.Release|iPhoneSimulator.Build.0 = Release|iPhoneSimulator
		{FF118AAB-3F89-48CF-94CB-6C52AFA61758}.Release|iPhoneSimulator.Deploy.0 = Release|iPhoneSimulator
		{52DF06F5-5BBB-4F7E-950A-E98C62E7A643}.Ad-Hoc|Any CPU.ActiveCfg = Debug|Any CPU
		{52DF06F5-5BBB-4F7E-950A-E98C62E7A643}.Ad-Hoc|Any CPU.Build.0 = Debug|Any CPU
		{52DF06F5-5BBB-4F7E-950A-E98C62E7A643}.Ad-Hoc|Any CPU.Deploy.0 = Debug|Any CPU
		{52DF06F5-5BBB-4F7E-950A-E98C62E7A643}.Ad-Hoc|iPhone.ActiveCfg = Debug|Any CPU
		{52DF06F5-5BBB-4F7E-950A-E98C62E7A643}.Ad-Hoc|iPhone.Build.0 = Debug|Any CPU
		{52DF06F5-5BBB-4F7E-950A-E98C62E7A643}.Ad-Hoc|iPhone.Deploy.0 = Debug|Any CPU
		{52DF06F5-5BBB-4F7E-950A-E98C62E7A643}.Ad-Hoc|iPhoneSimulator.ActiveCfg = Debug|Any CPU
		{52DF06F5-5BBB-4F7E-950A-E98C62E7A643}.Ad-Hoc|iPhoneSimulator.Build.0 = Debug|Any CPU
		{52DF06F5-5BBB-4F7E-950A-E98C62E7A643}.Ad-Hoc|iPhoneSimulator.Deploy.0 = Debug|Any CPU
		{52DF06F5-5BBB-4F7E-950A-E98C62E7A643}.AppStore|Any CPU.ActiveCfg = Debug|Any CPU
		{52DF06F5-5BBB-4F7E-950A-E98C62E7A643}.AppStore|Any CPU.Build.0 = Debug|Any CPU
		{52DF06F5-5BBB-4F7E-950A-E98C62E7A643}.AppStore|Any CPU.Deploy.0 = Debug|Any CPU
		{52DF06F5-5BBB-4F7E-950A-E98C62E7A643}.AppStore|iPhone.ActiveCfg = Debug|Any CPU
		{52DF06F5-5BBB-4F7E-950A-E98C62E7A643}.AppStore|iPhone.Build.0 = Debug|Any CPU
		{52DF06F5-5BBB-4F7E-950A-E98C62E7A643}.AppStore|iPhone.Deploy.0 = Debug|Any CPU
		{52DF06F5-5BBB-4F7E-950A-E98C62E7A643}.AppStore|iPhoneSimulator.ActiveCfg = Debug|Any CPU
		{52DF06F5-5BBB-4F7E-950A-E98C62E7A643}.AppStore|iPhoneSimulator.Build.0 = Debug|Any CPU
		{52DF06F5-5BBB-4F7E-950A-E98C62E7A643}.AppStore|iPhoneSimulator.Deploy.0 = Debug|Any CPU
		{52DF06F5-5BBB-4F7E-950A-E98C62E7A643}.Debug|Any CPU.ActiveCfg = Debug|Any CPU
		{52DF06F5-5BBB-4F7E-950A-E98C62E7A643}.Debug|Any CPU.Build.0 = Debug|Any CPU
		{52DF06F5-5BBB-4F7E-950A-E98C62E7A643}.Debug|Any CPU.Deploy.0 = Debug|Any CPU
		{52DF06F5-5BBB-4F7E-950A-E98C62E7A643}.Debug|iPhone.ActiveCfg = Debug|Any CPU
		{52DF06F5-5BBB-4F7E-950A-E98C62E7A643}.Debug|iPhone.Build.0 = Debug|Any CPU
		{52DF06F5-5BBB-4F7E-950A-E98C62E7A643}.Debug|iPhone.Deploy.0 = Debug|Any CPU
		{52DF06F5-5BBB-4F7E-950A-E98C62E7A643}.Debug|iPhoneSimulator.ActiveCfg = Debug|Any CPU
		{52DF06F5-5BBB-4F7E-950A-E98C62E7A643}.Debug|iPhoneSimulator.Build.0 = Debug|Any CPU
		{52DF06F5-5BBB-4F7E-950A-E98C62E7A643}.Debug|iPhoneSimulator.Deploy.0 = Debug|Any CPU
		{52DF06F5-5BBB-4F7E-950A-E98C62E7A643}.Release|Any CPU.ActiveCfg = Release|Any CPU
		{52DF06F5-5BBB-4F7E-950A-E98C62E7A643}.Release|Any CPU.Build.0 = Release|Any CPU
		{52DF06F5-5BBB-4F7E-950A-E98C62E7A643}.Release|Any CPU.Deploy.0 = Release|Any CPU
		{52DF06F5-5BBB-4F7E-950A-E98C62E7A643}.Release|iPhone.ActiveCfg = Release|Any CPU
		{52DF06F5-5BBB-4F7E-950A-E98C62E7A643}.Release|iPhone.Build.0 = Release|Any CPU
		{52DF06F5-5BBB-4F7E-950A-E98C62E7A643}.Release|iPhone.Deploy.0 = Release|Any CPU
		{52DF06F5-5BBB-4F7E-950A-E98C62E7A643}.Release|iPhoneSimulator.ActiveCfg = Release|Any CPU
		{52DF06F5-5BBB-4F7E-950A-E98C62E7A643}.Release|iPhoneSimulator.Build.0 = Release|Any CPU
		{52DF06F5-5BBB-4F7E-950A-E98C62E7A643}.Release|iPhoneSimulator.Deploy.0 = Release|Any CPU
	EndGlobalSection
	GlobalSection(SolutionProperties) = preSolution
		HideSolutionNode = FALSE
	EndGlobalSection
	GlobalSection(ExtensibilityGlobals) = postSolution
		SolutionGuid = {F9964977-47E7-4D53-A0D9-8609979E9E9F}
	EndGlobalSection
EndGlobal
